// !$*UTF8*$!
{
	archiveVersion = 1;
	classes = {
	};
	objectVersion = 50;
	objects = {

/* Begin PBXBuildFile section */
		490B42D0221E946C00112F4C /* LEView.m in Sources */ = {isa = PBXBuildFile; fileRef = 490B42CF221E946C00112F4C /* LEView.m */; };
		49D75C32221CE05200946952 /* AppDelegate.m in Sources */ = {isa = PBXBuildFile; fileRef = 49D75C31221CE05200946952 /* AppDelegate.m */; };
		49D75C35221CE05200946952 /* ViewController.m in Sources */ = {isa = PBXBuildFile; fileRef = 49D75C34221CE05200946952 /* ViewController.m */; };
		49D75C38221CE05200946952 /* Main.storyboard in Resources */ = {isa = PBXBuildFile; fileRef = 49D75C36221CE05200946952 /* Main.storyboard */; };
		49D75C3A221CE05400946952 /* Assets.xcassets in Resources */ = {isa = PBXBuildFile; fileRef = 49D75C39221CE05400946952 /* Assets.xcassets */; };
		49D75C3D221CE05400946952 /* LaunchScreen.storyboard in Resources */ = {isa = PBXBuildFile; fileRef = 49D75C3B221CE05400946952 /* LaunchScreen.storyboard */; };
		49D75C40221CE05400946952 /* main.m in Sources */ = {isa = PBXBuildFile; fileRef = 49D75C3F221CE05400946952 /* main.m */; };
		49D75C49221CE20000946952 /* LEUser.m in Sources */ = {isa = PBXBuildFile; fileRef = 49D75C48221CE20000946952 /* LEUser.m */; };
/* End PBXBuildFile section */

/* Begin PBXFileReference section */
		490B42CE221E946C00112F4C /* LEView.h */ = {isa = PBXFileReference; lastKnownFileType = sourcecode.c.h; path = LEView.h; sourceTree = "<group>"; };
		490B42CF221E946C00112F4C /* LEView.m */ = {isa = PBXFileReference; lastKnownFileType = sourcecode.c.objc; path = LEView.m; sourceTree = "<group>"; };
		49D75C2D221CE05200946952 /* OC语法规范.app */ = {isa = PBXFileReference; explicitFileType = wrapper.application; includeInIndex = 0; path = "OC语法规范.app"; sourceTree = BUILT_PRODUCTS_DIR; };
		49D75C30221CE05200946952 /* AppDelegate.h */ = {isa = PBXFileReference; lastKnownFileType = sourcecode.c.h; path = AppDelegate.h; sourceTree = "<group>"; };
		49D75C31221CE05200946952 /* AppDelegate.m */ = {isa = PBXFileReference; lastKnownFileType = sourcecode.c.objc; path = AppDelegate.m; sourceTree = "<group>"; };
		49D75C33221CE05200946952 /* ViewController.h */ = {isa = PBXFileReference; lastKnownFileType = sourcecode.c.h; path = ViewController.h; sourceTree = "<group>"; };
		49D75C34221CE05200946952 /* ViewController.m */ = {isa = PBXFileReference; lastKnownFileType = sourcecode.c.objc; path = ViewController.m; sourceTree = "<group>"; };
		49D75C37221CE05200946952 /* Base */ = {isa = PBXFileReference; lastKnownFileType = file.storyboard; name = Base; path = Base.lproj/Main.storyboard; sourceTree = "<group>"; };
		49D75C39221CE05400946952 /* Assets.xcassets */ = {isa = PBXFileReference; lastKnownFileType = folder.assetcatalog; path = Assets.xcassets; sourceTree = "<group>"; };
		49D75C3C221CE05400946952 /* Base */ = {isa = PBXFileReference; lastKnownFileType = file.storyboard; name = Base; path = Base.lproj/LaunchScreen.storyboard; sourceTree = "<group>"; };
		49D75C3E221CE05400946952 /* Info.plist */ = {isa = PBXFileReference; lastKnownFileType = text.plist.xml; path = Info.plist; sourceTree = "<group>"; };
		49D75C3F221CE05400946952 /* main.m */ = {isa = PBXFileReference; lastKnownFileType = sourcecode.c.objc; path = main.m; sourceTree = "<group>"; };
		49D75C47221CE20000946952 /* LEUser.h */ = {isa = PBXFileReference; lastKnownFileType = sourcecode.c.h; path = LEUser.h; sourceTree = "<group>"; };
		49D75C48221CE20000946952 /* LEUser.m */ = {isa = PBXFileReference; lastKnownFileType = sourcecode.c.objc; path = LEUser.m; sourceTree = "<group>"; };
/* End PBXFileReference section */

/* Begin PBXFrameworksBuildPhase section */
		49D75C2A221CE05200946952 /* Frameworks */ = {
			isa = PBXFrameworksBuildPhase;
			buildActionMask = 2147483647;
			files = (
			);
			runOnlyForDeploymentPostprocessing = 0;
		};
/* End PBXFrameworksBuildPhase section */

/* Begin PBXGroup section */
		49D75C24221CE05200946952 = {
			isa = PBXGroup;
			children = (
				49D75C2F221CE05200946952 /* OC语法规范 */,
				49D75C2E221CE05200946952 /* Products */,
			);
			sourceTree = "<group>";
		};
		49D75C2E221CE05200946952 /* Products */ = {
			isa = PBXGroup;
			children = (
				49D75C2D221CE05200946952 /* OC语法规范.app */,
			);
			name = Products;
			sourceTree = "<group>";
		};
		49D75C2F221CE05200946952 /* OC语法规范 */ = {
			isa = PBXGroup;
			children = (
				49D75C46221CE0AB00946952 /* Classes */,
				49D75C30221CE05200946952 /* AppDelegate.h */,
				49D75C31221CE05200946952 /* AppDelegate.m */,
				49D75C33221CE05200946952 /* ViewController.h */,
				49D75C34221CE05200946952 /* ViewController.m */,
				49D75C36221CE05200946952 /* Main.storyboard */,
				49D75C39221CE05400946952 /* Assets.xcassets */,
				49D75C3B221CE05400946952 /* LaunchScreen.storyboard */,
				49D75C3E221CE05400946952 /* Info.plist */,
				49D75C3F221CE05400946952 /* main.m */,
			);
			path = "OC语法规范";
			sourceTree = "<group>";
		};
		49D75C46221CE0AB00946952 /* Classes */ = {
			isa = PBXGroup;
			children = (
				49D75C47221CE20000946952 /* LEUser.h */,
				49D75C48221CE20000946952 /* LEUser.m */,
				490B42CE221E946C00112F4C /* LEView.h */,
				490B42CF221E946C00112F4C /* LEView.m */,
			);
			path = Classes;
			sourceTree = "<group>";
		};
/* End PBXGroup section */

/* Begin PBXNativeTarget section */
		49D75C2C221CE05200946952 /* OC语法规范 */ = {
			isa = PBXNativeTarget;
			buildConfigurationList = 49D75C43221CE05400946952 /* Build configuration list for PBXNativeTarget "OC语法规范" */;
			buildPhases = (
				49D75C29221CE05200946952 /* Sources */,
				49D75C2A221CE05200946952 /* Frameworks */,
				49D75C2B221CE05200946952 /* Resources */,
			);
			buildRules = (
			);
			dependencies = (
			);
			name = "OC语法规范";
			productName = "OC语法规范";
			productReference = 49D75C2D221CE05200946952 /* OC语法规范.app */;
			productType = "com.apple.product-type.application";
		};
/* End PBXNativeTarget section */

/* Begin PBXProject section */
		49D75C25221CE05200946952 /* Project object */ = {
			isa = PBXProject;
			attributes = {
				LastUpgradeCheck = 1010;
				ORGANIZATIONNAME = LQQ;
				TargetAttributes = {
					49D75C2C221CE05200946952 = {
						CreatedOnToolsVersion = 10.1;
					};
				};
			};
			buildConfigurationList = 49D75C28221CE05200946952 /* Build configuration list for PBXProject "OC语法规范" */;
			compatibilityVersion = "Xcode 9.3";
			developmentRegion = en;
			hasScannedForEncodings = 0;
			knownRegions = (
				en,
				Base,
			);
			mainGroup = 49D75C24221CE05200946952;
			productRefGroup = 49D75C2E221CE05200946952 /* Products */;
			projectDirPath = "";
			projectRoot = "";
			targets = (
				49D75C2C221CE05200946952 /* OC语法规范 */,
			);
		};
/* End PBXProject section */

/* Begin PBXResourcesBuildPhase section */
		49D75C2B221CE05200946952 /* Resources */ = {
			isa = PBXResourcesBuildPhase;
			buildActionMask = 2147483647;
			files = (
				49D75C3D221CE05400946952 /* LaunchScreen.storyboard in Resources */,
				49D75C3A221CE05400946952 /* Assets.xcassets in Resources */,
				49D75C38221CE05200946952 /* Main.storyboard in Resources */,
			);
			runOnlyForDeploymentPostprocessing = 0;
		};
/* End PBXResourcesBuildPhase section */

/* Begin PBXSourcesBuildPhase section */
		49D75C29221CE05200946952 /* Sources */ = {
			isa = PBXSourcesBuildPhase;
			buildActionMask = 2147483647;
			files = (
				49D75C35221CE05200946952 /* ViewController.m in Sources */,
				49D75C40221CE05400946952 /* main.m in Sources */,
				49D75C32221CE05200946952 /* AppDelegate.m in Sources */,
				49D75C49221CE20000946952 /* LEUser.m in Sources */,
				490B42D0221E946C00112F4C /* LEView.m in Sources */,
			);
			runOnlyForDeploymentPostprocessing = 0;
		};
/* End PBXSourcesBuildPhase section */

/* Begin PBXVariantGroup section */
		49D75C36221CE05200946952 /* Main.storyboard */ = {
			isa = PBXVariantGroup;
			children = (
				49D75C37221CE05200946952 /* Base */,
			);
			name = Main.storyboard;
			sourceTree = "<group>";
		};
		49D75C3B221CE05400946952 /* LaunchScreen.storyboard */ = {
			isa = PBXVariantGroup;
			children = (
				49D75C3C221CE05400946952 /* Base */,
			);
			name = LaunchScreen.storyboard;
			sourceTree = "<group>";
		};
/* End PBXVariantGroup section */

/* Begin XCBuildConfiguration section */
		49D75C41221CE05400946952 /* Debug */ = {
			isa = XCBuildConfiguration;
			buildSettings = {
				ALWAYS_SEARCH_USER_PATHS = NO;
				CLANG_ANALYZER_NONNULL = YES;
				CLANG_ANALYZER_NUMBER_OBJECT_CONVERSION = YES_AGGRESSIVE;
				CLANG_CXX_LANGUAGE_STANDARD = "gnu++14";
				CLANG_CXX_LIBRARY = "libc++";
				CLANG_ENABLE_MODULES = YES;
				CLANG_ENABLE_OBJC_ARC = YES;
				CLANG_ENABLE_OBJC_WEAK = YES;
				CLANG_WARN_BLOCK_CAPTURE_AUTORELEASING = YES;
				CLANG_WARN_BOOL_CONVERSION = YES;
				CLANG_WARN_COMMA = YES;
				CLANG_WARN_CONSTANT_CONVERSION = YES;
				CLANG_WARN_DEPRECATED_OBJC_IMPLEMENTATIONS = YES;
				CLANG_WARN_DIRECT_OBJC_ISA_USAGE = YES_ERROR;
				CLANG_WARN_DOCUMENTATION_COMMENTS = YES;
				CLANG_WARN_EMPTY_BODY = YES;
				CLANG_WARN_ENUM_CONVERSION = YES;
				CLANG_WARN_INFINITE_RECURSION = YES;
				CLANG_WARN_INT_CONVERSION = YES;
				CLANG_WARN_NON_LITERAL_NULL_CONVERSION = YES;
				CLANG_WARN_OBJC_IMPLICIT_RETAIN_SELF = YES;
				CLANG_WARN_OBJC_LITERAL_CONVERSION = YES;
				CLANG_WARN_OBJC_ROOT_CLASS = YES_ERROR;
				CLANG_WARN_RANGE_LOOP_ANALYSIS = YES;
				CLANG_WARN_STRICT_PROTOTYPES = YES;
				CLANG_WARN_SUSPICIOUS_MOVE = YES;
				CLANG_WARN_UNGUARDED_AVAILABILITY = YES_AGGRESSIVE;
				CLANG_WARN_UNREACHABLE_CODE = YES;
				CLANG_WARN__DUPLICATE_METHOD_MATCH = YES;
				CODE_SIGN_IDENTITY = "iPhone Developer";
				COPY_PHASE_STRIP = NO;
				DEBUG_INFORMATION_FORMAT = dwarf;
				ENABLE_STRICT_OBJC_MSGSEND = YES;
				ENABLE_TESTABILITY = YES;
				GCC_C_LANGUAGE_STANDARD = gnu11;
				GCC_DYNAMIC_NO_PIC = NO;
				GCC_NO_COMMON_BLOCKS = YES;
				GCC_OPTIMIZATION_LEVEL = 0;
				GCC_PREPROCESSOR_DEFINITIONS = (
					"DEBUG=1",
					"$(inherited)",
				);
				GCC_WARN_64_TO_32_BIT_CONVERSION = YES;
				GCC_WARN_ABOUT_RETURN_TYPE = YES_ERROR;
				GCC_WARN_UNDECLARED_SELECTOR = YES;
				GCC_WARN_UNINITIALIZED_AUTOS = YES_AGGRESSIVE;
				GCC_WARN_UNUSED_FUNCTION = YES;
				GCC_WARN_UNUSED_VARIABLE = YES;
				IPHONEOS_DEPLOYMENT_TARGET = 12.1;
				MTL_ENABLE_DEBUG_INFO = INCLUDE_SOURCE;
				MTL_FAST_MATH = YES;
				ONLY_ACTIVE_ARCH = YES;
				SDKROOT = iphoneos;
			};
			name = Debug;
		};
		49D75C42221CE05400946952 /* Release */ = {
			isa = XCBuildConfiguration;
			buildSettings = {
				ALWAYS_SEARCH_USER_PATHS = NO;
				CLANG_ANALYZER_NONNULL = YES;
				CLANG_ANALYZER_NUMBER_OBJECT_CONVERSION = YES_AGGRESSIVE;
				CLANG_CXX_LANGUAGE_STANDARD = "gnu++14";
				CLANG_CXX_LIBRARY = "libc++";
				CLANG_ENABLE_MODULES = YES;
				CLANG_ENABLE_OBJC_ARC = YES;
				CLANG_ENABLE_OBJC_WEAK = YES;
				CLANG_WARN_BLOCK_CAPTURE_AUTORELEASING = YES;
				CLANG_WARN_BOOL_CONVERSION = YES;
				CLANG_WARN_COMMA = YES;
				CLANG_WARN_CONSTANT_CONVERSION = YES;
				CLANG_WARN_DEPRECATED_OBJC_IMPLEMENTATIONS = YES;
				CLANG_WARN_DIRECT_OBJC_ISA_USAGE = YES_ERROR;
				CLANG_WARN_DOCUMENTATION_COMMENTS = YES;
				CLANG_WARN_EMPTY_BODY = YES;
				CLANG_WARN_ENUM_CONVERSION = YES;
				CLANG_WARN_INFINITE_RECURSION = YES;
				CLANG_WARN_INT_CONVERSION = YES;
				CLANG_WARN_NON_LITERAL_NULL_CONVERSION = YES;
				CLANG_WARN_OBJC_IMPLICIT_RETAIN_SELF = YES;
				CLANG_WARN_OBJC_LITERAL_CONVERSION = YES;
				CLANG_WARN_OBJC_ROOT_CLASS = YES_ERROR;
				CLANG_WARN_RANGE_LOOP_ANALYSIS = YES;
				CLANG_WARN_STRICT_PROTOTYPES = YES;
				CLANG_WARN_SUSPICIOUS_MOVE = YES;
				CLANG_WARN_UNGUARDED_AVAILABILITY = YES_AGGRESSIVE;
				CLANG_WARN_UNREACHABLE_CODE = YES;
				CLANG_WARN__DUPLICATE_METHOD_MATCH = YES;
				CODE_SIGN_IDENTITY = "iPhone Developer";
				COPY_PHASE_STRIP = NO;
				DEBUG_INFORMATION_FORMAT = "dwarf-with-dsym";
				ENABLE_NS_ASSERTIONS = NO;
				ENABLE_STRICT_OBJC_MSGSEND = YES;
				GCC_C_LANGUAGE_STANDARD = gnu11;
				GCC_NO_COMMON_BLOCKS = YES;
				GCC_WARN_64_TO_32_BIT_CONVERSION = YES;
				GCC_WARN_ABOUT_RETURN_TYPE = YES_ERROR;
				GCC_WARN_UNDECLARED_SELECTOR = YES;
				GCC_WARN_UNINITIALIZED_AUTOS = YES_AGGRESSIVE;
				GCC_WARN_UNUSED_FUNCTION = YES;
				GCC_WARN_UNUSED_VARIABLE = YES;
				IPHONEOS_DEPLOYMENT_TARGET = 12.1;
				MTL_ENABLE_DEBUG_INFO = NO;
				MTL_FAST_MATH = YES;
				SDKROOT = iphoneos;
				VALIDATE_PRODUCT = YES;
			};
			name = Release;
		};
		49D75C44221CE05400946952 /* Debug */ = {
			isa = XCBuildConfiguration;
			buildSettings = {
				ASSETCATALOG_COMPILER_APPICON_NAME = AppIcon;
				CODE_SIGN_STYLE = Automatic;
				DEVELOPMENT_TEAM = T24XQT78M7;
				INFOPLIST_FILE = "OC语法规范/Info.plist";
				LD_RUNPATH_SEARCH_PATHS = (
					"$(inherited)",
					"@executable_path/Frameworks",
				);
				PRODUCT_BUNDLE_IDENTIFIER = "com.githbub.jesuslove.OC----";
				PRODUCT_NAME = "$(TARGET_NAME)";
				TARGETED_DEVICE_FAMILY = "1,2";
			};
			name = Debug;
		};
		49D75C45221CE05400946952 /* Release */ = {
			isa = XCBuildConfiguration;
			buildSettings = {
				ASSETCATALOG_COMPILER_APPICON_NAME = AppIcon;
				CODE_SIGN_STYLE = Automatic;
				DEVELOPMENT_TEAM = T24XQT78M7;
				INFOPLIST_FILE = "OC语法规范/Info.plist";
				LD_RUNPATH_SEARCH_PATHS = (
					"$(inherited)",
					"@executable_path/Frameworks",
				);
				PRODUCT_BUNDLE_IDENTIFIER = "com.githbub.jesuslove.OC----";
				PRODUCT_NAME = "$(TARGET_NAME)";
				TARGETED_DEVICE_FAMILY = "1,2";
			};
			name = Release;
		};
/* End XCBuildConfiguration section */

/* Begin XCConfigurationList section */
		49D75C28221CE05200946952 /* Build configuration list for PBXProject "OC语法规范" */ = {
			isa = XCConfigurationList;
			buildConfigurations = (
				49D75C41221CE05400946952 /* Debug */,
				49D75C42221CE05400946952 /* Release */,
			);
			defaultConfigurationIsVisible = 0;
			defaultConfigurationName = Release;
		};
		49D75C43221CE05400946952 /* Build configuration list for PBXNativeTarget "OC语法规范" */ = {
			isa = XCConfigurationList;
			buildConfigurations = (
				49D75C44221CE05400946952 /* Debug */,
				49D75C45221CE05400946952 /* Release */,
			);
			defaultConfigurationIsVisible = 0;
			defaultConfigurationName = Release;
		};
/* End XCConfigurationList section */
	};
	rootObject = 49D75C25221CE05200946952 /* Project object */;
}
