// !$*UTF8*$!
{
	archiveVersion = 1;
	classes = {
	};
	objectVersion = 50;
	objects = {

/* Begin PBXBuildFile section */
		494BC95020944A5C00C0428F /* UIViewController+Trace.m in Sources */ = {isa = PBXBuildFile; fileRef = 494BC94F20944A5C00C0428F /* UIViewController+Trace.m */; };
		494BC95720944F3300C0428F /* LICENSE in Resources */ = {isa = PBXBuildFile; fileRef = 494BC95320944F3300C0428F /* LICENSE */; };
		494BC95820944F3300C0428F /* README.md in Resources */ = {isa = PBXBuildFile; fileRef = 494BC95520944F3300C0428F /* README.md */; };
		494BC95920944F3300C0428F /* Aspects.m in Sources */ = {isa = PBXBuildFile; fileRef = 494BC95620944F3300C0428F /* Aspects.m */; };
		494BC95D209450BF00C0428F /* TraceHandler.m in Sources */ = {isa = PBXBuildFile; fileRef = 494BC95C209450BF00C0428F /* TraceHandler.m */; };
		494BC9602094537100C0428F /* RuntimeBasicViewController.m in Sources */ = {isa = PBXBuildFile; fileRef = 494BC95F2094537100C0428F /* RuntimeBasicViewController.m */; };
		494BC966209459AB00C0428F /* AppDelegate+Trace.m in Sources */ = {isa = PBXBuildFile; fileRef = 494BC965209459AB00C0428F /* AppDelegate+Trace.m */; };
		498EDD362092C6C500A88632 /* AppDelegate.m in Sources */ = {isa = PBXBuildFile; fileRef = 498EDD352092C6C500A88632 /* AppDelegate.m */; };
		498EDD392092C6C500A88632 /* ViewController.m in Sources */ = {isa = PBXBuildFile; fileRef = 498EDD382092C6C500A88632 /* ViewController.m */; };
		498EDD3C2092C6C500A88632 /* Main.storyboard in Resources */ = {isa = PBXBuildFile; fileRef = 498EDD3A2092C6C500A88632 /* Main.storyboard */; };
		498EDD3E2092C6C800A88632 /* Assets.xcassets in Resources */ = {isa = PBXBuildFile; fileRef = 498EDD3D2092C6C800A88632 /* Assets.xcassets */; };
		498EDD412092C6C800A88632 /* LaunchScreen.storyboard in Resources */ = {isa = PBXBuildFile; fileRef = 498EDD3F2092C6C800A88632 /* LaunchScreen.storyboard */; };
		498EDD442092C6C800A88632 /* main.m in Sources */ = {isa = PBXBuildFile; fileRef = 498EDD432092C6C800A88632 /* main.m */; };
		498EDD4E2092C6C800A88632 /* RuntimeMessageTests.m in Sources */ = {isa = PBXBuildFile; fileRef = 498EDD4D2092C6C800A88632 /* RuntimeMessageTests.m */; };
		498EDD592092C6C800A88632 /* RuntimeMessageUITests.m in Sources */ = {isa = PBXBuildFile; fileRef = 498EDD582092C6C800A88632 /* RuntimeMessageUITests.m */; };
		498EDD6E2092CD5800A88632 /* UIView+DefaultColor.m in Sources */ = {isa = PBXBuildFile; fileRef = 498EDD6D2092CD5800A88632 /* UIView+DefaultColor.m */; };
		498EDD712092E26600A88632 /* NSObject+JSON.m in Sources */ = {isa = PBXBuildFile; fileRef = 498EDD702092E26600A88632 /* NSObject+JSON.m */; };
/* End PBXBuildFile section */

/* Begin PBXContainerItemProxy section */
		498EDD4A2092C6C800A88632 /* PBXContainerItemProxy */ = {
			isa = PBXContainerItemProxy;
			containerPortal = 498EDD292092C6C500A88632 /* Project object */;
			proxyType = 1;
			remoteGlobalIDString = 498EDD302092C6C500A88632;
			remoteInfo = RuntimeMessage;
		};
		498EDD552092C6C800A88632 /* PBXContainerItemProxy */ = {
			isa = PBXContainerItemProxy;
			containerPortal = 498EDD292092C6C500A88632 /* Project object */;
			proxyType = 1;
			remoteGlobalIDString = 498EDD302092C6C500A88632;
			remoteInfo = RuntimeMessage;
		};
/* End PBXContainerItemProxy section */

/* Begin PBXFileReference section */
		494BC94C20941D1500C0428F /* README.md */ = {isa = PBXFileReference; lastKnownFileType = net.daringfireball.markdown; path = README.md; sourceTree = "<group>"; };
		494BC94E20944A5C00C0428F /* UIViewController+Trace.h */ = {isa = PBXFileReference; lastKnownFileType = sourcecode.c.h; path = "UIViewController+Trace.h"; sourceTree = "<group>"; };
		494BC94F20944A5C00C0428F /* UIViewController+Trace.m */ = {isa = PBXFileReference; lastKnownFileType = sourcecode.c.objc; path = "UIViewController+Trace.m"; sourceTree = "<group>"; };
		494BC95320944F3300C0428F /* LICENSE */ = {isa = PBXFileReference; fileEncoding = 4; lastKnownFileType = text; path = LICENSE; sourceTree = "<group>"; };
		494BC95420944F3300C0428F /* Aspects.h */ = {isa = PBXFileReference; fileEncoding = 4; lastKnownFileType = sourcecode.c.h; path = Aspects.h; sourceTree = "<group>"; };
		494BC95520944F3300C0428F /* README.md */ = {isa = PBXFileReference; fileEncoding = 4; lastKnownFileType = net.daringfireball.markdown; path = README.md; sourceTree = "<group>"; };
		494BC95620944F3300C0428F /* Aspects.m */ = {isa = PBXFileReference; fileEncoding = 4; lastKnownFileType = sourcecode.c.objc; path = Aspects.m; sourceTree = "<group>"; };
		494BC95B209450BF00C0428F /* TraceHandler.h */ = {isa = PBXFileReference; lastKnownFileType = sourcecode.c.h; path = TraceHandler.h; sourceTree = "<group>"; };
		494BC95C209450BF00C0428F /* TraceHandler.m */ = {isa = PBXFileReference; lastKnownFileType = sourcecode.c.objc; path = TraceHandler.m; sourceTree = "<group>"; };
		494BC95E2094537100C0428F /* RuntimeBasicViewController.h */ = {isa = PBXFileReference; lastKnownFileType = sourcecode.c.h; path = RuntimeBasicViewController.h; sourceTree = "<group>"; };
		494BC95F2094537100C0428F /* RuntimeBasicViewController.m */ = {isa = PBXFileReference; lastKnownFileType = sourcecode.c.objc; path = RuntimeBasicViewController.m; sourceTree = "<group>"; };
		494BC963209456BB00C0428F /* README.md */ = {isa = PBXFileReference; lastKnownFileType = net.daringfireball.markdown; path = README.md; sourceTree = "<group>"; };
		494BC964209459AB00C0428F /* AppDelegate+Trace.h */ = {isa = PBXFileReference; lastKnownFileType = sourcecode.c.h; path = "AppDelegate+Trace.h"; sourceTree = "<group>"; };
		494BC965209459AB00C0428F /* AppDelegate+Trace.m */ = {isa = PBXFileReference; lastKnownFileType = sourcecode.c.objc; path = "AppDelegate+Trace.m"; sourceTree = "<group>"; };
		498EDD312092C6C500A88632 /* RuntimeMessage.app */ = {isa = PBXFileReference; explicitFileType = wrapper.application; includeInIndex = 0; path = RuntimeMessage.app; sourceTree = BUILT_PRODUCTS_DIR; };
		498EDD342092C6C500A88632 /* AppDelegate.h */ = {isa = PBXFileReference; lastKnownFileType = sourcecode.c.h; path = AppDelegate.h; sourceTree = "<group>"; };
		498EDD352092C6C500A88632 /* AppDelegate.m */ = {isa = PBXFileReference; lastKnownFileType = sourcecode.c.objc; path = AppDelegate.m; sourceTree = "<group>"; };
		498EDD372092C6C500A88632 /* ViewController.h */ = {isa = PBXFileReference; lastKnownFileType = sourcecode.c.h; path = ViewController.h; sourceTree = "<group>"; };
		498EDD382092C6C500A88632 /* ViewController.m */ = {isa = PBXFileReference; lastKnownFileType = sourcecode.c.objc; path = ViewController.m; sourceTree = "<group>"; };
		498EDD3B2092C6C500A88632 /* Base */ = {isa = PBXFileReference; lastKnownFileType = file.storyboard; name = Base; path = Base.lproj/Main.storyboard; sourceTree = "<group>"; };
		498EDD3D2092C6C800A88632 /* Assets.xcassets */ = {isa = PBXFileReference; lastKnownFileType = folder.assetcatalog; path = Assets.xcassets; sourceTree = "<group>"; };
		498EDD402092C6C800A88632 /* Base */ = {isa = PBXFileReference; lastKnownFileType = file.storyboard; name = Base; path = Base.lproj/LaunchScreen.storyboard; sourceTree = "<group>"; };
		498EDD422092C6C800A88632 /* Info.plist */ = {isa = PBXFileReference; lastKnownFileType = text.plist.xml; path = Info.plist; sourceTree = "<group>"; };
		498EDD432092C6C800A88632 /* main.m */ = {isa = PBXFileReference; lastKnownFileType = sourcecode.c.objc; path = main.m; sourceTree = "<group>"; };
		498EDD492092C6C800A88632 /* RuntimeMessageTests.xctest */ = {isa = PBXFileReference; explicitFileType = wrapper.cfbundle; includeInIndex = 0; path = RuntimeMessageTests.xctest; sourceTree = BUILT_PRODUCTS_DIR; };
		498EDD4D2092C6C800A88632 /* RuntimeMessageTests.m */ = {isa = PBXFileReference; lastKnownFileType = sourcecode.c.objc; path = RuntimeMessageTests.m; sourceTree = "<group>"; };
		498EDD4F2092C6C800A88632 /* Info.plist */ = {isa = PBXFileReference; lastKnownFileType = text.plist.xml; path = Info.plist; sourceTree = "<group>"; };
		498EDD542092C6C800A88632 /* RuntimeMessageUITests.xctest */ = {isa = PBXFileReference; explicitFileType = wrapper.cfbundle; includeInIndex = 0; path = RuntimeMessageUITests.xctest; sourceTree = BUILT_PRODUCTS_DIR; };
		498EDD582092C6C800A88632 /* RuntimeMessageUITests.m */ = {isa = PBXFileReference; lastKnownFileType = sourcecode.c.objc; path = RuntimeMessageUITests.m; sourceTree = "<group>"; };
		498EDD5A2092C6C800A88632 /* Info.plist */ = {isa = PBXFileReference; lastKnownFileType = text.plist.xml; path = Info.plist; sourceTree = "<group>"; };
		498EDD6C2092CD5800A88632 /* UIView+DefaultColor.h */ = {isa = PBXFileReference; lastKnownFileType = sourcecode.c.h; path = "UIView+DefaultColor.h"; sourceTree = "<group>"; };
		498EDD6D2092CD5800A88632 /* UIView+DefaultColor.m */ = {isa = PBXFileReference; lastKnownFileType = sourcecode.c.objc; path = "UIView+DefaultColor.m"; sourceTree = "<group>"; };
		498EDD6F2092E26600A88632 /* NSObject+JSON.h */ = {isa = PBXFileReference; lastKnownFileType = sourcecode.c.h; path = "NSObject+JSON.h"; sourceTree = "<group>"; };
		498EDD702092E26600A88632 /* NSObject+JSON.m */ = {isa = PBXFileReference; lastKnownFileType = sourcecode.c.objc; path = "NSObject+JSON.m"; sourceTree = "<group>"; };
/* End PBXFileReference section */

/* Begin PBXFrameworksBuildPhase section */
		498EDD2E2092C6C500A88632 /* Frameworks */ = {
			isa = PBXFrameworksBuildPhase;
			buildActionMask = 2147483647;
			files = (
			);
			runOnlyForDeploymentPostprocessing = 0;
		};
		498EDD462092C6C800A88632 /* Frameworks */ = {
			isa = PBXFrameworksBuildPhase;
			buildActionMask = 2147483647;
			files = (
			);
			runOnlyForDeploymentPostprocessing = 0;
		};
		498EDD512092C6C800A88632 /* Frameworks */ = {
			isa = PBXFrameworksBuildPhase;
			buildActionMask = 2147483647;
			files = (
			);
			runOnlyForDeploymentPostprocessing = 0;
		};
/* End PBXFrameworksBuildPhase section */

/* Begin PBXGroup section */
		494BC94D20944A1900C0428F /* Classes */ = {
			isa = PBXGroup;
			children = (
				494BC962209455E200C0428F /* UseRuntime */,
				494BC961209455C400C0428F /* RuntimeBasic */,
			);
			path = Classes;
			sourceTree = "<group>";
		};
		494BC95120944F0000C0428F /* Venders */ = {
			isa = PBXGroup;
			children = (
				494BC95220944F3300C0428F /* Aspects */,
			);
			path = Venders;
			sourceTree = "<group>";
		};
		494BC95220944F3300C0428F /* Aspects */ = {
			isa = PBXGroup;
			children = (
				494BC95420944F3300C0428F /* Aspects.h */,
				494BC95620944F3300C0428F /* Aspects.m */,
				494BC95320944F3300C0428F /* LICENSE */,
				494BC95520944F3300C0428F /* README.md */,
			);
			path = Aspects;
			sourceTree = "<group>";
		};
		494BC961209455C400C0428F /* RuntimeBasic */ = {
			isa = PBXGroup;
			children = (
				498EDD6C2092CD5800A88632 /* UIView+DefaultColor.h */,
				498EDD6D2092CD5800A88632 /* UIView+DefaultColor.m */,
				494BC95E2094537100C0428F /* RuntimeBasicViewController.h */,
				494BC95F2094537100C0428F /* RuntimeBasicViewController.m */,
				498EDD6F2092E26600A88632 /* NSObject+JSON.h */,
				498EDD702092E26600A88632 /* NSObject+JSON.m */,
			);
			path = RuntimeBasic;
			sourceTree = "<group>";
		};
		494BC962209455E200C0428F /* UseRuntime */ = {
			isa = PBXGroup;
			children = (
				494BC94E20944A5C00C0428F /* UIViewController+Trace.h */,
				494BC94F20944A5C00C0428F /* UIViewController+Trace.m */,
				494BC95B209450BF00C0428F /* TraceHandler.h */,
				494BC95C209450BF00C0428F /* TraceHandler.m */,
				494BC963209456BB00C0428F /* README.md */,
				494BC964209459AB00C0428F /* AppDelegate+Trace.h */,
				494BC965209459AB00C0428F /* AppDelegate+Trace.m */,
			);
			path = UseRuntime;
			sourceTree = "<group>";
		};
		498EDD282092C6C500A88632 = {
			isa = PBXGroup;
			children = (
				498EDD332092C6C500A88632 /* RuntimeMessage */,
				498EDD4C2092C6C800A88632 /* RuntimeMessageTests */,
				498EDD572092C6C800A88632 /* RuntimeMessageUITests */,
				498EDD322092C6C500A88632 /* Products */,
			);
			sourceTree = "<group>";
		};
		498EDD322092C6C500A88632 /* Products */ = {
			isa = PBXGroup;
			children = (
				498EDD312092C6C500A88632 /* RuntimeMessage.app */,
				498EDD492092C6C800A88632 /* RuntimeMessageTests.xctest */,
				498EDD542092C6C800A88632 /* RuntimeMessageUITests.xctest */,
			);
			name = Products;
			sourceTree = "<group>";
		};
		498EDD332092C6C500A88632 /* RuntimeMessage */ = {
			isa = PBXGroup;
			children = (
				494BC95120944F0000C0428F /* Venders */,
				494BC94D20944A1900C0428F /* Classes */,
				498EDD342092C6C500A88632 /* AppDelegate.h */,
				498EDD352092C6C500A88632 /* AppDelegate.m */,
				498EDD372092C6C500A88632 /* ViewController.h */,
				498EDD382092C6C500A88632 /* ViewController.m */,
				498EDD3A2092C6C500A88632 /* Main.storyboard */,
				498EDD3D2092C6C800A88632 /* Assets.xcassets */,
				498EDD3F2092C6C800A88632 /* LaunchScreen.storyboard */,
				498EDD422092C6C800A88632 /* Info.plist */,
				498EDD432092C6C800A88632 /* main.m */,
				494BC94C20941D1500C0428F /* README.md */,
			);
			path = RuntimeMessage;
			sourceTree = "<group>";
		};
		498EDD4C2092C6C800A88632 /* RuntimeMessageTests */ = {
			isa = PBXGroup;
			children = (
				498EDD4D2092C6C800A88632 /* RuntimeMessageTests.m */,
				498EDD4F2092C6C800A88632 /* Info.plist */,
			);
			path = RuntimeMessageTests;
			sourceTree = "<group>";
		};
		498EDD572092C6C800A88632 /* RuntimeMessageUITests */ = {
			isa = PBXGroup;
			children = (
				498EDD582092C6C800A88632 /* RuntimeMessageUITests.m */,
				498EDD5A2092C6C800A88632 /* Info.plist */,
			);
			path = RuntimeMessageUITests;
			sourceTree = "<group>";
		};
/* End PBXGroup section */

/* Begin PBXNativeTarget section */
		498EDD302092C6C500A88632 /* RuntimeMessage */ = {
			isa = PBXNativeTarget;
			buildConfigurationList = 498EDD5D2092C6C800A88632 /* Build configuration list for PBXNativeTarget "RuntimeMessage" */;
			buildPhases = (
				498EDD2D2092C6C500A88632 /* Sources */,
				498EDD2E2092C6C500A88632 /* Frameworks */,
				498EDD2F2092C6C500A88632 /* Resources */,
			);
			buildRules = (
			);
			dependencies = (
			);
			name = RuntimeMessage;
			productName = RuntimeMessage;
			productReference = 498EDD312092C6C500A88632 /* RuntimeMessage.app */;
			productType = "com.apple.product-type.application";
		};
		498EDD482092C6C800A88632 /* RuntimeMessageTests */ = {
			isa = PBXNativeTarget;
			buildConfigurationList = 498EDD602092C6C800A88632 /* Build configuration list for PBXNativeTarget "RuntimeMessageTests" */;
			buildPhases = (
				498EDD452092C6C800A88632 /* Sources */,
				498EDD462092C6C800A88632 /* Frameworks */,
				498EDD472092C6C800A88632 /* Resources */,
			);
			buildRules = (
			);
			dependencies = (
				498EDD4B2092C6C800A88632 /* PBXTargetDependency */,
			);
			name = RuntimeMessageTests;
			productName = RuntimeMessageTests;
			productReference = 498EDD492092C6C800A88632 /* RuntimeMessageTests.xctest */;
			productType = "com.apple.product-type.bundle.unit-test";
		};
		498EDD532092C6C800A88632 /* RuntimeMessageUITests */ = {
			isa = PBXNativeTarget;
			buildConfigurationList = 498EDD632092C6C800A88632 /* Build configuration list for PBXNativeTarget "RuntimeMessageUITests" */;
			buildPhases = (
				498EDD502092C6C800A88632 /* Sources */,
				498EDD512092C6C800A88632 /* Frameworks */,
				498EDD522092C6C800A88632 /* Resources */,
			);
			buildRules = (
			);
			dependencies = (
				498EDD562092C6C800A88632 /* PBXTargetDependency */,
			);
			name = RuntimeMessageUITests;
			productName = RuntimeMessageUITests;
			productReference = 498EDD542092C6C800A88632 /* RuntimeMessageUITests.xctest */;
			productType = "com.apple.product-type.bundle.ui-testing";
		};
/* End PBXNativeTarget section */

/* Begin PBXProject section */
		498EDD292092C6C500A88632 /* Project object */ = {
			isa = PBXProject;
			attributes = {
				LastUpgradeCheck = 0930;
				ORGANIZATIONNAME = Elink;
				TargetAttributes = {
					498EDD302092C6C500A88632 = {
						CreatedOnToolsVersion = 9.3;
					};
					498EDD482092C6C800A88632 = {
						CreatedOnToolsVersion = 9.3;
						TestTargetID = 498EDD302092C6C500A88632;
					};
					498EDD532092C6C800A88632 = {
						CreatedOnToolsVersion = 9.3;
						TestTargetID = 498EDD302092C6C500A88632;
					};
				};
			};
			buildConfigurationList = 498EDD2C2092C6C500A88632 /* Build configuration list for PBXProject "RuntimeMessage" */;
			compatibilityVersion = "Xcode 9.3";
			developmentRegion = en;
			hasScannedForEncodings = 0;
			knownRegions = (
				en,
				Base,
			);
			mainGroup = 498EDD282092C6C500A88632;
			productRefGroup = 498EDD322092C6C500A88632 /* Products */;
			projectDirPath = "";
			projectRoot = "";
			targets = (
				498EDD302092C6C500A88632 /* RuntimeMessage */,
				498EDD482092C6C800A88632 /* RuntimeMessageTests */,
				498EDD532092C6C800A88632 /* RuntimeMessageUITests */,
			);
		};
/* End PBXProject section */

/* Begin PBXResourcesBuildPhase section */
		498EDD2F2092C6C500A88632 /* Resources */ = {
			isa = PBXResourcesBuildPhase;
			buildActionMask = 2147483647;
			files = (
				498EDD412092C6C800A88632 /* LaunchScreen.storyboard in Resources */,
				498EDD3E2092C6C800A88632 /* Assets.xcassets in Resources */,
				494BC95820944F3300C0428F /* README.md in Resources */,
				494BC95720944F3300C0428F /* LICENSE in Resources */,
				498EDD3C2092C6C500A88632 /* Main.storyboard in Resources */,
			);
			runOnlyForDeploymentPostprocessing = 0;
		};
		498EDD472092C6C800A88632 /* Resources */ = {
			isa = PBXResourcesBuildPhase;
			buildActionMask = 2147483647;
			files = (
			);
			runOnlyForDeploymentPostprocessing = 0;
		};
		498EDD522092C6C800A88632 /* Resources */ = {
			isa = PBXResourcesBuildPhase;
			buildActionMask = 2147483647;
			files = (
			);
			runOnlyForDeploymentPostprocessing = 0;
		};
/* End PBXResourcesBuildPhase section */

/* Begin PBXSourcesBuildPhase section */
		498EDD2D2092C6C500A88632 /* Sources */ = {
			isa = PBXSourcesBuildPhase;
			buildActionMask = 2147483647;
			files = (
				498EDD6E2092CD5800A88632 /* UIView+DefaultColor.m in Sources */,
				494BC95920944F3300C0428F /* Aspects.m in Sources */,
				498EDD392092C6C500A88632 /* ViewController.m in Sources */,
				498EDD442092C6C800A88632 /* main.m in Sources */,
				494BC9602094537100C0428F /* RuntimeBasicViewController.m in Sources */,
				498EDD712092E26600A88632 /* NSObject+JSON.m in Sources */,
				494BC95020944A5C00C0428F /* UIViewController+Trace.m in Sources */,
				494BC95D209450BF00C0428F /* TraceHandler.m in Sources */,
				494BC966209459AB00C0428F /* AppDelegate+Trace.m in Sources */,
				498EDD362092C6C500A88632 /* AppDelegate.m in Sources */,
			);
			runOnlyForDeploymentPostprocessing = 0;
		};
		498EDD452092C6C800A88632 /* Sources */ = {
			isa = PBXSourcesBuildPhase;
			buildActionMask = 2147483647;
			files = (
				498EDD4E2092C6C800A88632 /* RuntimeMessageTests.m in Sources */,
			);
			runOnlyForDeploymentPostprocessing = 0;
		};
		498EDD502092C6C800A88632 /* Sources */ = {
			isa = PBXSourcesBuildPhase;
			buildActionMask = 2147483647;
			files = (
				498EDD592092C6C800A88632 /* RuntimeMessageUITests.m in Sources */,
			);
			runOnlyForDeploymentPostprocessing = 0;
		};
/* End PBXSourcesBuildPhase section */

/* Begin PBXTargetDependency section */
		498EDD4B2092C6C800A88632 /* PBXTargetDependency */ = {
			isa = PBXTargetDependency;
			target = 498EDD302092C6C500A88632 /* RuntimeMessage */;
			targetProxy = 498EDD4A2092C6C800A88632 /* PBXContainerItemProxy */;
		};
		498EDD562092C6C800A88632 /* PBXTargetDependency */ = {
			isa = PBXTargetDependency;
			target = 498EDD302092C6C500A88632 /* RuntimeMessage */;
			targetProxy = 498EDD552092C6C800A88632 /* PBXContainerItemProxy */;
		};
/* End PBXTargetDependency section */

/* Begin PBXVariantGroup section */
		498EDD3A2092C6C500A88632 /* Main.storyboard */ = {
			isa = PBXVariantGroup;
			children = (
				498EDD3B2092C6C500A88632 /* Base */,
			);
			name = Main.storyboard;
			sourceTree = "<group>";
		};
		498EDD3F2092C6C800A88632 /* LaunchScreen.storyboard */ = {
			isa = PBXVariantGroup;
			children = (
				498EDD402092C6C800A88632 /* Base */,
			);
			name = LaunchScreen.storyboard;
			sourceTree = "<group>";
		};
/* End PBXVariantGroup section */

/* Begin XCBuildConfiguration section */
		498EDD5B2092C6C800A88632 /* Debug */ = {
			isa = XCBuildConfiguration;
			buildSettings = {
				ALWAYS_SEARCH_USER_PATHS = NO;
				CLANG_ANALYZER_NONNULL = YES;
				CLANG_ANALYZER_NUMBER_OBJECT_CONVERSION = YES_AGGRESSIVE;
				CLANG_CXX_LANGUAGE_STANDARD = "gnu++14";
				CLANG_CXX_LIBRARY = "libc++";
				CLANG_ENABLE_MODULES = YES;
				CLANG_ENABLE_OBJC_ARC = YES;
				CLANG_ENABLE_OBJC_WEAK = YES;
				CLANG_WARN_BLOCK_CAPTURE_AUTORELEASING = YES;
				CLANG_WARN_BOOL_CONVERSION = YES;
				CLANG_WARN_COMMA = YES;
				CLANG_WARN_CONSTANT_CONVERSION = YES;
				CLANG_WARN_DEPRECATED_OBJC_IMPLEMENTATIONS = YES;
				CLANG_WARN_DIRECT_OBJC_ISA_USAGE = YES_ERROR;
				CLANG_WARN_DOCUMENTATION_COMMENTS = YES;
				CLANG_WARN_EMPTY_BODY = YES;
				CLANG_WARN_ENUM_CONVERSION = YES;
				CLANG_WARN_INFINITE_RECURSION = YES;
				CLANG_WARN_INT_CONVERSION = YES;
				CLANG_WARN_NON_LITERAL_NULL_CONVERSION = YES;
				CLANG_WARN_OBJC_IMPLICIT_RETAIN_SELF = YES;
				CLANG_WARN_OBJC_LITERAL_CONVERSION = YES;
				CLANG_WARN_OBJC_ROOT_CLASS = YES_ERROR;
				CLANG_WARN_RANGE_LOOP_ANALYSIS = YES;
				CLANG_WARN_STRICT_PROTOTYPES = YES;
				CLANG_WARN_SUSPICIOUS_MOVE = YES;
				CLANG_WARN_UNGUARDED_AVAILABILITY = YES_AGGRESSIVE;
				CLANG_WARN_UNREACHABLE_CODE = YES;
				CLANG_WARN__DUPLICATE_METHOD_MATCH = YES;
				CODE_SIGN_IDENTITY = "iPhone Developer";
				COPY_PHASE_STRIP = NO;
				DEBUG_INFORMATION_FORMAT = dwarf;
				ENABLE_STRICT_OBJC_MSGSEND = YES;
				ENABLE_TESTABILITY = YES;
				GCC_C_LANGUAGE_STANDARD = gnu11;
				GCC_DYNAMIC_NO_PIC = NO;
				GCC_NO_COMMON_BLOCKS = YES;
				GCC_OPTIMIZATION_LEVEL = 0;
				GCC_PREPROCESSOR_DEFINITIONS = (
					"DEBUG=1",
					"$(inherited)",
				);
				GCC_WARN_64_TO_32_BIT_CONVERSION = YES;
				GCC_WARN_ABOUT_RETURN_TYPE = YES_ERROR;
				GCC_WARN_UNDECLARED_SELECTOR = YES;
				GCC_WARN_UNINITIALIZED_AUTOS = YES_AGGRESSIVE;
				GCC_WARN_UNUSED_FUNCTION = YES;
				GCC_WARN_UNUSED_VARIABLE = YES;
				IPHONEOS_DEPLOYMENT_TARGET = 11.3;
				MTL_ENABLE_DEBUG_INFO = YES;
				ONLY_ACTIVE_ARCH = YES;
				SDKROOT = iphoneos;
			};
			name = Debug;
		};
		498EDD5C2092C6C800A88632 /* Release */ = {
			isa = XCBuildConfiguration;
			buildSettings = {
				ALWAYS_SEARCH_USER_PATHS = NO;
				CLANG_ANALYZER_NONNULL = YES;
				CLANG_ANALYZER_NUMBER_OBJECT_CONVERSION = YES_AGGRESSIVE;
				CLANG_CXX_LANGUAGE_STANDARD = "gnu++14";
				CLANG_CXX_LIBRARY = "libc++";
				CLANG_ENABLE_MODULES = YES;
				CLANG_ENABLE_OBJC_ARC = YES;
				CLANG_ENABLE_OBJC_WEAK = YES;
				CLANG_WARN_BLOCK_CAPTURE_AUTORELEASING = YES;
				CLANG_WARN_BOOL_CONVERSION = YES;
				CLANG_WARN_COMMA = YES;
				CLANG_WARN_CONSTANT_CONVERSION = YES;
				CLANG_WARN_DEPRECATED_OBJC_IMPLEMENTATIONS = YES;
				CLANG_WARN_DIRECT_OBJC_ISA_USAGE = YES_ERROR;
				CLANG_WARN_DOCUMENTATION_COMMENTS = YES;
				CLANG_WARN_EMPTY_BODY = YES;
				CLANG_WARN_ENUM_CONVERSION = YES;
				CLANG_WARN_INFINITE_RECURSION = YES;
				CLANG_WARN_INT_CONVERSION = YES;
				CLANG_WARN_NON_LITERAL_NULL_CONVERSION = YES;
				CLANG_WARN_OBJC_IMPLICIT_RETAIN_SELF = YES;
				CLANG_WARN_OBJC_LITERAL_CONVERSION = YES;
				CLANG_WARN_OBJC_ROOT_CLASS = YES_ERROR;
				CLANG_WARN_RANGE_LOOP_ANALYSIS = YES;
				CLANG_WARN_STRICT_PROTOTYPES = YES;
				CLANG_WARN_SUSPICIOUS_MOVE = YES;
				CLANG_WARN_UNGUARDED_AVAILABILITY = YES_AGGRESSIVE;
				CLANG_WARN_UNREACHABLE_CODE = YES;
				CLANG_WARN__DUPLICATE_METHOD_MATCH = YES;
				CODE_SIGN_IDENTITY = "iPhone Developer";
				COPY_PHASE_STRIP = NO;
				DEBUG_INFORMATION_FORMAT = "dwarf-with-dsym";
				ENABLE_NS_ASSERTIONS = NO;
				ENABLE_STRICT_OBJC_MSGSEND = YES;
				GCC_C_LANGUAGE_STANDARD = gnu11;
				GCC_NO_COMMON_BLOCKS = YES;
				GCC_WARN_64_TO_32_BIT_CONVERSION = YES;
				GCC_WARN_ABOUT_RETURN_TYPE = YES_ERROR;
				GCC_WARN_UNDECLARED_SELECTOR = YES;
				GCC_WARN_UNINITIALIZED_AUTOS = YES_AGGRESSIVE;
				GCC_WARN_UNUSED_FUNCTION = YES;
				GCC_WARN_UNUSED_VARIABLE = YES;
				IPHONEOS_DEPLOYMENT_TARGET = 11.3;
				MTL_ENABLE_DEBUG_INFO = NO;
				SDKROOT = iphoneos;
				VALIDATE_PRODUCT = YES;
			};
			name = Release;
		};
		498EDD5E2092C6C800A88632 /* Debug */ = {
			isa = XCBuildConfiguration;
			buildSettings = {
				ASSETCATALOG_COMPILER_APPICON_NAME = AppIcon;
				CODE_SIGN_STYLE = Automatic;
				DEVELOPMENT_TEAM = T24XQT78M7;
				INFOPLIST_FILE = RuntimeMessage/Info.plist;
				LD_RUNPATH_SEARCH_PATHS = (
					"$(inherited)",
					"@executable_path/Frameworks",
				);
				PRODUCT_BUNDLE_IDENTIFIER = com.elinkit.RuntimeMessage;
				PRODUCT_NAME = "$(TARGET_NAME)";
				TARGETED_DEVICE_FAMILY = "1,2";
			};
			name = Debug;
		};
		498EDD5F2092C6C800A88632 /* Release */ = {
			isa = XCBuildConfiguration;
			buildSettings = {
				ASSETCATALOG_COMPILER_APPICON_NAME = AppIcon;
				CODE_SIGN_STYLE = Automatic;
				DEVELOPMENT_TEAM = T24XQT78M7;
				INFOPLIST_FILE = RuntimeMessage/Info.plist;
				LD_RUNPATH_SEARCH_PATHS = (
					"$(inherited)",
					"@executable_path/Frameworks",
				);
				PRODUCT_BUNDLE_IDENTIFIER = com.elinkit.RuntimeMessage;
				PRODUCT_NAME = "$(TARGET_NAME)";
				TARGETED_DEVICE_FAMILY = "1,2";
			};
			name = Release;
		};
		498EDD612092C6C800A88632 /* Debug */ = {
			isa = XCBuildConfiguration;
			buildSettings = {
				BUNDLE_LOADER = "$(TEST_HOST)";
				CODE_SIGN_STYLE = Automatic;
				DEVELOPMENT_TEAM = T24XQT78M7;
				INFOPLIST_FILE = RuntimeMessageTests/Info.plist;
				LD_RUNPATH_SEARCH_PATHS = (
					"$(inherited)",
					"@executable_path/Frameworks",
					"@loader_path/Frameworks",
				);
				PRODUCT_BUNDLE_IDENTIFIER = com.elinkit.RuntimeMessageTests;
				PRODUCT_NAME = "$(TARGET_NAME)";
				TARGETED_DEVICE_FAMILY = "1,2";
				TEST_HOST = "$(BUILT_PRODUCTS_DIR)/RuntimeMessage.app/RuntimeMessage";
			};
			name = Debug;
		};
		498EDD622092C6C800A88632 /* Release */ = {
			isa = XCBuildConfiguration;
			buildSettings = {
				BUNDLE_LOADER = "$(TEST_HOST)";
				CODE_SIGN_STYLE = Automatic;
				DEVELOPMENT_TEAM = T24XQT78M7;
				INFOPLIST_FILE = RuntimeMessageTests/Info.plist;
				LD_RUNPATH_SEARCH_PATHS = (
					"$(inherited)",
					"@executable_path/Frameworks",
					"@loader_path/Frameworks",
				);
				PRODUCT_BUNDLE_IDENTIFIER = com.elinkit.RuntimeMessageTests;
				PRODUCT_NAME = "$(TARGET_NAME)";
				TARGETED_DEVICE_FAMILY = "1,2";
				TEST_HOST = "$(BUILT_PRODUCTS_DIR)/RuntimeMessage.app/RuntimeMessage";
			};
			name = Release;
		};
		498EDD642092C6C800A88632 /* Debug */ = {
			isa = XCBuildConfiguration;
			buildSettings = {
				CODE_SIGN_STYLE = Automatic;
				DEVELOPMENT_TEAM = T24XQT78M7;
				INFOPLIST_FILE = RuntimeMessageUITests/Info.plist;
				LD_RUNPATH_SEARCH_PATHS = (
					"$(inherited)",
					"@executable_path/Frameworks",
					"@loader_path/Frameworks",
				);
				PRODUCT_BUNDLE_IDENTIFIER = com.elinkit.RuntimeMessageUITests;
				PRODUCT_NAME = "$(TARGET_NAME)";
				TARGETED_DEVICE_FAMILY = "1,2";
				TEST_TARGET_NAME = RuntimeMessage;
			};
			name = Debug;
		};
		498EDD652092C6C800A88632 /* Release */ = {
			isa = XCBuildConfiguration;
			buildSettings = {
				CODE_SIGN_STYLE = Automatic;
				DEVELOPMENT_TEAM = T24XQT78M7;
				INFOPLIST_FILE = RuntimeMessageUITests/Info.plist;
				LD_RUNPATH_SEARCH_PATHS = (
					"$(inherited)",
					"@executable_path/Frameworks",
					"@loader_path/Frameworks",
				);
				PRODUCT_BUNDLE_IDENTIFIER = com.elinkit.RuntimeMessageUITests;
				PRODUCT_NAME = "$(TARGET_NAME)";
				TARGETED_DEVICE_FAMILY = "1,2";
				TEST_TARGET_NAME = RuntimeMessage;
			};
			name = Release;
		};
/* End XCBuildConfiguration section */

/* Begin XCConfigurationList section */
		498EDD2C2092C6C500A88632 /* Build configuration list for PBXProject "RuntimeMessage" */ = {
			isa = XCConfigurationList;
			buildConfigurations = (
				498EDD5B2092C6C800A88632 /* Debug */,
				498EDD5C2092C6C800A88632 /* Release */,
			);
			defaultConfigurationIsVisible = 0;
			defaultConfigurationName = Release;
		};
		498EDD5D2092C6C800A88632 /* Build configuration list for PBXNativeTarget "RuntimeMessage" */ = {
			isa = XCConfigurationList;
			buildConfigurations = (
				498EDD5E2092C6C800A88632 /* Debug */,
				498EDD5F2092C6C800A88632 /* Release */,
			);
			defaultConfigurationIsVisible = 0;
			defaultConfigurationName = Release;
		};
		498EDD602092C6C800A88632 /* Build configuration list for PBXNativeTarget "RuntimeMessageTests" */ = {
			isa = XCConfigurationList;
			buildConfigurations = (
				498EDD612092C6C800A88632 /* Debug */,
				498EDD622092C6C800A88632 /* Release */,
			);
			defaultConfigurationIsVisible = 0;
			defaultConfigurationName = Release;
		};
		498EDD632092C6C800A88632 /* Build configuration list for PBXNativeTarget "RuntimeMessageUITests" */ = {
			isa = XCConfigurationList;
			buildConfigurations = (
				498EDD642092C6C800A88632 /* Debug */,
				498EDD652092C6C800A88632 /* Release */,
			);
			defaultConfigurationIsVisible = 0;
			defaultConfigurationName = Release;
		};
/* End XCConfigurationList section */
	};
	rootObject = 498EDD292092C6C500A88632 /* Project object */;
}
