// !$*UTF8*$!
{
	archiveVersion = 1;
	classes = {
	};
	objectVersion = 50;
	objects = {

/* Begin PBXBuildFile section */
		49574A1321DF2E530019C8B1 /* AppDelegate.m in Sources */ = {isa = PBXBuildFile; fileRef = 49574A1221DF2E530019C8B1 /* AppDelegate.m */; };
		49574A1621DF2E530019C8B1 /* ViewController.m in Sources */ = {isa = PBXBuildFile; fileRef = 49574A1521DF2E530019C8B1 /* ViewController.m */; };
		49574A1921DF2E530019C8B1 /* Main.storyboard in Resources */ = {isa = PBXBuildFile; fileRef = 49574A1721DF2E530019C8B1 /* Main.storyboard */; };
		49574A1B21DF2E560019C8B1 /* Assets.xcassets in Resources */ = {isa = PBXBuildFile; fileRef = 49574A1A21DF2E560019C8B1 /* Assets.xcassets */; };
		49574A1E21DF2E560019C8B1 /* LaunchScreen.storyboard in Resources */ = {isa = PBXBuildFile; fileRef = 49574A1C21DF2E560019C8B1 /* LaunchScreen.storyboard */; };
		49574A2121DF2E560019C8B1 /* main.m in Sources */ = {isa = PBXBuildFile; fileRef = 49574A2021DF2E560019C8B1 /* main.m */; };
		49574A2921DF2F540019C8B1 /* LEADButton.m in Sources */ = {isa = PBXBuildFile; fileRef = 49574A2821DF2F540019C8B1 /* LEADButton.m */; };
/* End PBXBuildFile section */

/* Begin PBXFileReference section */
		49574A0E21DF2E530019C8B1 /* DispatchSourceDemo.app */ = {isa = PBXFileReference; explicitFileType = wrapper.application; includeInIndex = 0; path = DispatchSourceDemo.app; sourceTree = BUILT_PRODUCTS_DIR; };
		49574A1121DF2E530019C8B1 /* AppDelegate.h */ = {isa = PBXFileReference; lastKnownFileType = sourcecode.c.h; path = AppDelegate.h; sourceTree = "<group>"; };
		49574A1221DF2E530019C8B1 /* AppDelegate.m */ = {isa = PBXFileReference; lastKnownFileType = sourcecode.c.objc; path = AppDelegate.m; sourceTree = "<group>"; };
		49574A1421DF2E530019C8B1 /* ViewController.h */ = {isa = PBXFileReference; lastKnownFileType = sourcecode.c.h; path = ViewController.h; sourceTree = "<group>"; };
		49574A1521DF2E530019C8B1 /* ViewController.m */ = {isa = PBXFileReference; lastKnownFileType = sourcecode.c.objc; path = ViewController.m; sourceTree = "<group>"; };
		49574A1821DF2E530019C8B1 /* Base */ = {isa = PBXFileReference; lastKnownFileType = file.storyboard; name = Base; path = Base.lproj/Main.storyboard; sourceTree = "<group>"; };
		49574A1A21DF2E560019C8B1 /* Assets.xcassets */ = {isa = PBXFileReference; lastKnownFileType = folder.assetcatalog; path = Assets.xcassets; sourceTree = "<group>"; };
		49574A1D21DF2E560019C8B1 /* Base */ = {isa = PBXFileReference; lastKnownFileType = file.storyboard; name = Base; path = Base.lproj/LaunchScreen.storyboard; sourceTree = "<group>"; };
		49574A1F21DF2E560019C8B1 /* Info.plist */ = {isa = PBXFileReference; lastKnownFileType = text.plist.xml; path = Info.plist; sourceTree = "<group>"; };
		49574A2021DF2E560019C8B1 /* main.m */ = {isa = PBXFileReference; lastKnownFileType = sourcecode.c.objc; path = main.m; sourceTree = "<group>"; };
		49574A2721DF2F540019C8B1 /* LEADButton.h */ = {isa = PBXFileReference; lastKnownFileType = sourcecode.c.h; path = LEADButton.h; sourceTree = "<group>"; };
		49574A2821DF2F540019C8B1 /* LEADButton.m */ = {isa = PBXFileReference; lastKnownFileType = sourcecode.c.objc; path = LEADButton.m; sourceTree = "<group>"; };
/* End PBXFileReference section */

/* Begin PBXFrameworksBuildPhase section */
		49574A0B21DF2E530019C8B1 /* Frameworks */ = {
			isa = PBXFrameworksBuildPhase;
			buildActionMask = 2147483647;
			files = (
			);
			runOnlyForDeploymentPostprocessing = 0;
		};
/* End PBXFrameworksBuildPhase section */

/* Begin PBXGroup section */
		49574A0521DF2E530019C8B1 = {
			isa = PBXGroup;
			children = (
				49574A1021DF2E530019C8B1 /* DispatchSourceDemo */,
				49574A0F21DF2E530019C8B1 /* Products */,
			);
			sourceTree = "<group>";
		};
		49574A0F21DF2E530019C8B1 /* Products */ = {
			isa = PBXGroup;
			children = (
				49574A0E21DF2E530019C8B1 /* DispatchSourceDemo.app */,
			);
			name = Products;
			sourceTree = "<group>";
		};
		49574A1021DF2E530019C8B1 /* DispatchSourceDemo */ = {
			isa = PBXGroup;
			children = (
				49574A1121DF2E530019C8B1 /* AppDelegate.h */,
				49574A1221DF2E530019C8B1 /* AppDelegate.m */,
				49574A1421DF2E530019C8B1 /* ViewController.h */,
				49574A1521DF2E530019C8B1 /* ViewController.m */,
				49574A1721DF2E530019C8B1 /* Main.storyboard */,
				49574A1A21DF2E560019C8B1 /* Assets.xcassets */,
				49574A1C21DF2E560019C8B1 /* LaunchScreen.storyboard */,
				49574A1F21DF2E560019C8B1 /* Info.plist */,
				49574A2021DF2E560019C8B1 /* main.m */,
				49574A2721DF2F540019C8B1 /* LEADButton.h */,
				49574A2821DF2F540019C8B1 /* LEADButton.m */,
			);
			path = DispatchSourceDemo;
			sourceTree = "<group>";
		};
/* End PBXGroup section */

/* Begin PBXNativeTarget section */
		49574A0D21DF2E530019C8B1 /* DispatchSourceDemo */ = {
			isa = PBXNativeTarget;
			buildConfigurationList = 49574A2421DF2E560019C8B1 /* Build configuration list for PBXNativeTarget "DispatchSourceDemo" */;
			buildPhases = (
				49574A0A21DF2E530019C8B1 /* Sources */,
				49574A0B21DF2E530019C8B1 /* Frameworks */,
				49574A0C21DF2E530019C8B1 /* Resources */,
			);
			buildRules = (
			);
			dependencies = (
			);
			name = DispatchSourceDemo;
			productName = DispatchSourceDemo;
			productReference = 49574A0E21DF2E530019C8B1 /* DispatchSourceDemo.app */;
			productType = "com.apple.product-type.application";
		};
/* End PBXNativeTarget section */

/* Begin PBXProject section */
		49574A0621DF2E530019C8B1 /* Project object */ = {
			isa = PBXProject;
			attributes = {
				LastUpgradeCheck = 1010;
				ORGANIZATIONNAME = Elink;
				TargetAttributes = {
					49574A0D21DF2E530019C8B1 = {
						CreatedOnToolsVersion = 10.1;
					};
				};
			};
			buildConfigurationList = 49574A0921DF2E530019C8B1 /* Build configuration list for PBXProject "DispatchSourceDemo" */;
			compatibilityVersion = "Xcode 9.3";
			developmentRegion = en;
			hasScannedForEncodings = 0;
			knownRegions = (
				en,
				Base,
			);
			mainGroup = 49574A0521DF2E530019C8B1;
			productRefGroup = 49574A0F21DF2E530019C8B1 /* Products */;
			projectDirPath = "";
			projectRoot = "";
			targets = (
				49574A0D21DF2E530019C8B1 /* DispatchSourceDemo */,
			);
		};
/* End PBXProject section */

/* Begin PBXResourcesBuildPhase section */
		49574A0C21DF2E530019C8B1 /* Resources */ = {
			isa = PBXResourcesBuildPhase;
			buildActionMask = 2147483647;
			files = (
				49574A1E21DF2E560019C8B1 /* LaunchScreen.storyboard in Resources */,
				49574A1B21DF2E560019C8B1 /* Assets.xcassets in Resources */,
				49574A1921DF2E530019C8B1 /* Main.storyboard in Resources */,
			);
			runOnlyForDeploymentPostprocessing = 0;
		};
/* End PBXResourcesBuildPhase section */

/* Begin PBXSourcesBuildPhase section */
		49574A0A21DF2E530019C8B1 /* Sources */ = {
			isa = PBXSourcesBuildPhase;
			buildActionMask = 2147483647;
			files = (
				49574A1621DF2E530019C8B1 /* ViewController.m in Sources */,
				49574A2921DF2F540019C8B1 /* LEADButton.m in Sources */,
				49574A2121DF2E560019C8B1 /* main.m in Sources */,
				49574A1321DF2E530019C8B1 /* AppDelegate.m in Sources */,
			);
			runOnlyForDeploymentPostprocessing = 0;
		};
/* End PBXSourcesBuildPhase section */

/* Begin PBXVariantGroup section */
		49574A1721DF2E530019C8B1 /* Main.storyboard */ = {
			isa = PBXVariantGroup;
			children = (
				49574A1821DF2E530019C8B1 /* Base */,
			);
			name = Main.storyboard;
			sourceTree = "<group>";
		};
		49574A1C21DF2E560019C8B1 /* LaunchScreen.storyboard */ = {
			isa = PBXVariantGroup;
			children = (
				49574A1D21DF2E560019C8B1 /* Base */,
			);
			name = LaunchScreen.storyboard;
			sourceTree = "<group>";
		};
/* End PBXVariantGroup section */

/* Begin XCBuildConfiguration section */
		49574A2221DF2E560019C8B1 /* Debug */ = {
			isa = XCBuildConfiguration;
			buildSettings = {
				ALWAYS_SEARCH_USER_PATHS = NO;
				CLANG_ANALYZER_NONNULL = YES;
				CLANG_ANALYZER_NUMBER_OBJECT_CONVERSION = YES_AGGRESSIVE;
				CLANG_CXX_LANGUAGE_STANDARD = "gnu++14";
				CLANG_CXX_LIBRARY = "libc++";
				CLANG_ENABLE_MODULES = YES;
				CLANG_ENABLE_OBJC_ARC = YES;
				CLANG_ENABLE_OBJC_WEAK = YES;
				CLANG_WARN_BLOCK_CAPTURE_AUTORELEASING = YES;
				CLANG_WARN_BOOL_CONVERSION = YES;
				CLANG_WARN_COMMA = YES;
				CLANG_WARN_CONSTANT_CONVERSION = YES;
				CLANG_WARN_DEPRECATED_OBJC_IMPLEMENTATIONS = YES;
				CLANG_WARN_DIRECT_OBJC_ISA_USAGE = YES_ERROR;
				CLANG_WARN_DOCUMENTATION_COMMENTS = YES;
				CLANG_WARN_EMPTY_BODY = YES;
				CLANG_WARN_ENUM_CONVERSION = YES;
				CLANG_WARN_INFINITE_RECURSION = YES;
				CLANG_WARN_INT_CONVERSION = YES;
				CLANG_WARN_NON_LITERAL_NULL_CONVERSION = YES;
				CLANG_WARN_OBJC_IMPLICIT_RETAIN_SELF = YES;
				CLANG_WARN_OBJC_LITERAL_CONVERSION = YES;
				CLANG_WARN_OBJC_ROOT_CLASS = YES_ERROR;
				CLANG_WARN_RANGE_LOOP_ANALYSIS = YES;
				CLANG_WARN_STRICT_PROTOTYPES = YES;
				CLANG_WARN_SUSPICIOUS_MOVE = YES;
				CLANG_WARN_UNGUARDED_AVAILABILITY = YES_AGGRESSIVE;
				CLANG_WARN_UNREACHABLE_CODE = YES;
				CLANG_WARN__DUPLICATE_METHOD_MATCH = YES;
				CODE_SIGN_IDENTITY = "iPhone Developer";
				COPY_PHASE_STRIP = NO;
				DEBUG_INFORMATION_FORMAT = dwarf;
				ENABLE_STRICT_OBJC_MSGSEND = YES;
				ENABLE_TESTABILITY = YES;
				GCC_C_LANGUAGE_STANDARD = gnu11;
				GCC_DYNAMIC_NO_PIC = NO;
				GCC_NO_COMMON_BLOCKS = YES;
				GCC_OPTIMIZATION_LEVEL = 0;
				GCC_PREPROCESSOR_DEFINITIONS = (
					"DEBUG=1",
					"$(inherited)",
				);
				GCC_WARN_64_TO_32_BIT_CONVERSION = YES;
				GCC_WARN_ABOUT_RETURN_TYPE = YES_ERROR;
				GCC_WARN_UNDECLARED_SELECTOR = YES;
				GCC_WARN_UNINITIALIZED_AUTOS = YES_AGGRESSIVE;
				GCC_WARN_UNUSED_FUNCTION = YES;
				GCC_WARN_UNUSED_VARIABLE = YES;
				IPHONEOS_DEPLOYMENT_TARGET = 12.1;
				MTL_ENABLE_DEBUG_INFO = INCLUDE_SOURCE;
				MTL_FAST_MATH = YES;
				ONLY_ACTIVE_ARCH = YES;
				SDKROOT = iphoneos;
			};
			name = Debug;
		};
		49574A2321DF2E560019C8B1 /* Release */ = {
			isa = XCBuildConfiguration;
			buildSettings = {
				ALWAYS_SEARCH_USER_PATHS = NO;
				CLANG_ANALYZER_NONNULL = YES;
				CLANG_ANALYZER_NUMBER_OBJECT_CONVERSION = YES_AGGRESSIVE;
				CLANG_CXX_LANGUAGE_STANDARD = "gnu++14";
				CLANG_CXX_LIBRARY = "libc++";
				CLANG_ENABLE_MODULES = YES;
				CLANG_ENABLE_OBJC_ARC = YES;
				CLANG_ENABLE_OBJC_WEAK = YES;
				CLANG_WARN_BLOCK_CAPTURE_AUTORELEASING = YES;
				CLANG_WARN_BOOL_CONVERSION = YES;
				CLANG_WARN_COMMA = YES;
				CLANG_WARN_CONSTANT_CONVERSION = YES;
				CLANG_WARN_DEPRECATED_OBJC_IMPLEMENTATIONS = YES;
				CLANG_WARN_DIRECT_OBJC_ISA_USAGE = YES_ERROR;
				CLANG_WARN_DOCUMENTATION_COMMENTS = YES;
				CLANG_WARN_EMPTY_BODY = YES;
				CLANG_WARN_ENUM_CONVERSION = YES;
				CLANG_WARN_INFINITE_RECURSION = YES;
				CLANG_WARN_INT_CONVERSION = YES;
				CLANG_WARN_NON_LITERAL_NULL_CONVERSION = YES;
				CLANG_WARN_OBJC_IMPLICIT_RETAIN_SELF = YES;
				CLANG_WARN_OBJC_LITERAL_CONVERSION = YES;
				CLANG_WARN_OBJC_ROOT_CLASS = YES_ERROR;
				CLANG_WARN_RANGE_LOOP_ANALYSIS = YES;
				CLANG_WARN_STRICT_PROTOTYPES = YES;
				CLANG_WARN_SUSPICIOUS_MOVE = YES;
				CLANG_WARN_UNGUARDED_AVAILABILITY = YES_AGGRESSIVE;
				CLANG_WARN_UNREACHABLE_CODE = YES;
				CLANG_WARN__DUPLICATE_METHOD_MATCH = YES;
				CODE_SIGN_IDENTITY = "iPhone Developer";
				COPY_PHASE_STRIP = NO;
				DEBUG_INFORMATION_FORMAT = "dwarf-with-dsym";
				ENABLE_NS_ASSERTIONS = NO;
				ENABLE_STRICT_OBJC_MSGSEND = YES;
				GCC_C_LANGUAGE_STANDARD = gnu11;
				GCC_NO_COMMON_BLOCKS = YES;
				GCC_WARN_64_TO_32_BIT_CONVERSION = YES;
				GCC_WARN_ABOUT_RETURN_TYPE = YES_ERROR;
				GCC_WARN_UNDECLARED_SELECTOR = YES;
				GCC_WARN_UNINITIALIZED_AUTOS = YES_AGGRESSIVE;
				GCC_WARN_UNUSED_FUNCTION = YES;
				GCC_WARN_UNUSED_VARIABLE = YES;
				IPHONEOS_DEPLOYMENT_TARGET = 12.1;
				MTL_ENABLE_DEBUG_INFO = NO;
				MTL_FAST_MATH = YES;
				SDKROOT = iphoneos;
				VALIDATE_PRODUCT = YES;
			};
			name = Release;
		};
		49574A2521DF2E560019C8B1 /* Debug */ = {
			isa = XCBuildConfiguration;
			buildSettings = {
				ASSETCATALOG_COMPILER_APPICON_NAME = AppIcon;
				CODE_SIGN_STYLE = Automatic;
				DEVELOPMENT_TEAM = T24XQT78M7;
				INFOPLIST_FILE = DispatchSourceDemo/Info.plist;
				LD_RUNPATH_SEARCH_PATHS = (
					"$(inherited)",
					"@executable_path/Frameworks",
				);
				PRODUCT_BUNDLE_IDENTIFIER = com.elinkit.omc.DispatchSourceDemo;
				PRODUCT_NAME = "$(TARGET_NAME)";
				TARGETED_DEVICE_FAMILY = "1,2";
			};
			name = Debug;
		};
		49574A2621DF2E560019C8B1 /* Release */ = {
			isa = XCBuildConfiguration;
			buildSettings = {
				ASSETCATALOG_COMPILER_APPICON_NAME = AppIcon;
				CODE_SIGN_STYLE = Automatic;
				DEVELOPMENT_TEAM = T24XQT78M7;
				INFOPLIST_FILE = DispatchSourceDemo/Info.plist;
				LD_RUNPATH_SEARCH_PATHS = (
					"$(inherited)",
					"@executable_path/Frameworks",
				);
				PRODUCT_BUNDLE_IDENTIFIER = com.elinkit.omc.DispatchSourceDemo;
				PRODUCT_NAME = "$(TARGET_NAME)";
				TARGETED_DEVICE_FAMILY = "1,2";
			};
			name = Release;
		};
/* End XCBuildConfiguration section */

/* Begin XCConfigurationList section */
		49574A0921DF2E530019C8B1 /* Build configuration list for PBXProject "DispatchSourceDemo" */ = {
			isa = XCConfigurationList;
			buildConfigurations = (
				49574A2221DF2E560019C8B1 /* Debug */,
				49574A2321DF2E560019C8B1 /* Release */,
			);
			defaultConfigurationIsVisible = 0;
			defaultConfigurationName = Release;
		};
		49574A2421DF2E560019C8B1 /* Build configuration list for PBXNativeTarget "DispatchSourceDemo" */ = {
			isa = XCConfigurationList;
			buildConfigurations = (
				49574A2521DF2E560019C8B1 /* Debug */,
				49574A2621DF2E560019C8B1 /* Release */,
			);
			defaultConfigurationIsVisible = 0;
			defaultConfigurationName = Release;
		};
/* End XCConfigurationList section */
	};
	rootObject = 49574A0621DF2E530019C8B1 /* Project object */;
}
