// !$*UTF8*$!
{
	archiveVersion = 1;
	classes = {
	};
	objectVersion = 50;
	objects = {

/* Begin PBXBuildFile section */
		49E69E2B2088B9C200FEB099 /* AppDelegate.m in Sources */ = {isa = PBXBuildFile; fileRef = 49E69E2A2088B9C200FEB099 /* AppDelegate.m */; };
		49E69E2E2088B9C200FEB099 /* ViewController.m in Sources */ = {isa = PBXBuildFile; fileRef = 49E69E2D2088B9C200FEB099 /* ViewController.m */; };
		49E69E312088B9C200FEB099 /* Main.storyboard in Resources */ = {isa = PBXBuildFile; fileRef = 49E69E2F2088B9C200FEB099 /* Main.storyboard */; };
		49E69E332088B9C300FEB099 /* Assets.xcassets in Resources */ = {isa = PBXBuildFile; fileRef = 49E69E322088B9C300FEB099 /* Assets.xcassets */; };
		49E69E362088B9C300FEB099 /* LaunchScreen.storyboard in Resources */ = {isa = PBXBuildFile; fileRef = 49E69E342088B9C300FEB099 /* LaunchScreen.storyboard */; };
		49E69E392088B9C300FEB099 /* main.m in Sources */ = {isa = PBXBuildFile; fileRef = 49E69E382088B9C300FEB099 /* main.m */; };
		49E69E432088B9C300FEB099 /* TouchPainterTests.m in Sources */ = {isa = PBXBuildFile; fileRef = 49E69E422088B9C300FEB099 /* TouchPainterTests.m */; };
		49E69E4E2088B9C300FEB099 /* TouchPainterUITests.m in Sources */ = {isa = PBXBuildFile; fileRef = 49E69E4D2088B9C300FEB099 /* TouchPainterUITests.m */; };
		49E69E5E2088B9FD00FEB099 /* CanvasViewController.m in Sources */ = {isa = PBXBuildFile; fileRef = 49E69E5D2088B9FD00FEB099 /* CanvasViewController.m */; };
		49E69E612088BA3200FEB099 /* PaletteViewController.m in Sources */ = {isa = PBXBuildFile; fileRef = 49E69E602088BA3200FEB099 /* PaletteViewController.m */; };
		49E69E642088BA7400FEB099 /* ThumbmailViewController.m in Sources */ = {isa = PBXBuildFile; fileRef = 49E69E632088BA7400FEB099 /* ThumbmailViewController.m */; };
/* End PBXBuildFile section */

/* Begin PBXContainerItemProxy section */
		49E69E3F2088B9C300FEB099 /* PBXContainerItemProxy */ = {
			isa = PBXContainerItemProxy;
			containerPortal = 49E69E1E2088B9C200FEB099 /* Project object */;
			proxyType = 1;
			remoteGlobalIDString = 49E69E252088B9C200FEB099;
			remoteInfo = TouchPainter;
		};
		49E69E4A2088B9C300FEB099 /* PBXContainerItemProxy */ = {
			isa = PBXContainerItemProxy;
			containerPortal = 49E69E1E2088B9C200FEB099 /* Project object */;
			proxyType = 1;
			remoteGlobalIDString = 49E69E252088B9C200FEB099;
			remoteInfo = TouchPainter;
		};
/* End PBXContainerItemProxy section */

/* Begin PBXFileReference section */
		49E69E262088B9C200FEB099 /* TouchPainter.app */ = {isa = PBXFileReference; explicitFileType = wrapper.application; includeInIndex = 0; path = TouchPainter.app; sourceTree = BUILT_PRODUCTS_DIR; };
		49E69E292088B9C200FEB099 /* AppDelegate.h */ = {isa = PBXFileReference; lastKnownFileType = sourcecode.c.h; path = AppDelegate.h; sourceTree = "<group>"; };
		49E69E2A2088B9C200FEB099 /* AppDelegate.m */ = {isa = PBXFileReference; lastKnownFileType = sourcecode.c.objc; path = AppDelegate.m; sourceTree = "<group>"; };
		49E69E2C2088B9C200FEB099 /* ViewController.h */ = {isa = PBXFileReference; lastKnownFileType = sourcecode.c.h; path = ViewController.h; sourceTree = "<group>"; };
		49E69E2D2088B9C200FEB099 /* ViewController.m */ = {isa = PBXFileReference; lastKnownFileType = sourcecode.c.objc; path = ViewController.m; sourceTree = "<group>"; };
		49E69E302088B9C200FEB099 /* Base */ = {isa = PBXFileReference; lastKnownFileType = file.storyboard; name = Base; path = Base.lproj/Main.storyboard; sourceTree = "<group>"; };
		49E69E322088B9C300FEB099 /* Assets.xcassets */ = {isa = PBXFileReference; lastKnownFileType = folder.assetcatalog; path = Assets.xcassets; sourceTree = "<group>"; };
		49E69E352088B9C300FEB099 /* Base */ = {isa = PBXFileReference; lastKnownFileType = file.storyboard; name = Base; path = Base.lproj/LaunchScreen.storyboard; sourceTree = "<group>"; };
		49E69E372088B9C300FEB099 /* Info.plist */ = {isa = PBXFileReference; lastKnownFileType = text.plist.xml; path = Info.plist; sourceTree = "<group>"; };
		49E69E382088B9C300FEB099 /* main.m */ = {isa = PBXFileReference; lastKnownFileType = sourcecode.c.objc; path = main.m; sourceTree = "<group>"; };
		49E69E3E2088B9C300FEB099 /* TouchPainterTests.xctest */ = {isa = PBXFileReference; explicitFileType = wrapper.cfbundle; includeInIndex = 0; path = TouchPainterTests.xctest; sourceTree = BUILT_PRODUCTS_DIR; };
		49E69E422088B9C300FEB099 /* TouchPainterTests.m */ = {isa = PBXFileReference; lastKnownFileType = sourcecode.c.objc; path = TouchPainterTests.m; sourceTree = "<group>"; };
		49E69E442088B9C300FEB099 /* Info.plist */ = {isa = PBXFileReference; lastKnownFileType = text.plist.xml; path = Info.plist; sourceTree = "<group>"; };
		49E69E492088B9C300FEB099 /* TouchPainterUITests.xctest */ = {isa = PBXFileReference; explicitFileType = wrapper.cfbundle; includeInIndex = 0; path = TouchPainterUITests.xctest; sourceTree = BUILT_PRODUCTS_DIR; };
		49E69E4D2088B9C300FEB099 /* TouchPainterUITests.m */ = {isa = PBXFileReference; lastKnownFileType = sourcecode.c.objc; path = TouchPainterUITests.m; sourceTree = "<group>"; };
		49E69E4F2088B9C300FEB099 /* Info.plist */ = {isa = PBXFileReference; lastKnownFileType = text.plist.xml; path = Info.plist; sourceTree = "<group>"; };
		49E69E5C2088B9FD00FEB099 /* CanvasViewController.h */ = {isa = PBXFileReference; lastKnownFileType = sourcecode.c.h; path = CanvasViewController.h; sourceTree = "<group>"; };
		49E69E5D2088B9FD00FEB099 /* CanvasViewController.m */ = {isa = PBXFileReference; lastKnownFileType = sourcecode.c.objc; path = CanvasViewController.m; sourceTree = "<group>"; };
		49E69E5F2088BA3200FEB099 /* PaletteViewController.h */ = {isa = PBXFileReference; lastKnownFileType = sourcecode.c.h; path = PaletteViewController.h; sourceTree = "<group>"; };
		49E69E602088BA3200FEB099 /* PaletteViewController.m */ = {isa = PBXFileReference; lastKnownFileType = sourcecode.c.objc; path = PaletteViewController.m; sourceTree = "<group>"; };
		49E69E622088BA7400FEB099 /* ThumbmailViewController.h */ = {isa = PBXFileReference; lastKnownFileType = sourcecode.c.h; path = ThumbmailViewController.h; sourceTree = "<group>"; };
		49E69E632088BA7400FEB099 /* ThumbmailViewController.m */ = {isa = PBXFileReference; lastKnownFileType = sourcecode.c.objc; path = ThumbmailViewController.m; sourceTree = "<group>"; };
		49E69E672088BB8C00FEB099 /* Mark.h */ = {isa = PBXFileReference; lastKnownFileType = sourcecode.c.h; path = Mark.h; sourceTree = "<group>"; };
/* End PBXFileReference section */

/* Begin PBXFrameworksBuildPhase section */
		49E69E232088B9C200FEB099 /* Frameworks */ = {
			isa = PBXFrameworksBuildPhase;
			buildActionMask = 2147483647;
			files = (
			);
			runOnlyForDeploymentPostprocessing = 0;
		};
		49E69E3B2088B9C300FEB099 /* Frameworks */ = {
			isa = PBXFrameworksBuildPhase;
			buildActionMask = 2147483647;
			files = (
			);
			runOnlyForDeploymentPostprocessing = 0;
		};
		49E69E462088B9C300FEB099 /* Frameworks */ = {
			isa = PBXFrameworksBuildPhase;
			buildActionMask = 2147483647;
			files = (
			);
			runOnlyForDeploymentPostprocessing = 0;
		};
/* End PBXFrameworksBuildPhase section */

/* Begin PBXGroup section */
		49E69E1D2088B9C200FEB099 = {
			isa = PBXGroup;
			children = (
				49E69E282088B9C200FEB099 /* TouchPainter */,
				49E69E412088B9C300FEB099 /* TouchPainterTests */,
				49E69E4C2088B9C300FEB099 /* TouchPainterUITests */,
				49E69E272088B9C200FEB099 /* Products */,
			);
			sourceTree = "<group>";
		};
		49E69E272088B9C200FEB099 /* Products */ = {
			isa = PBXGroup;
			children = (
				49E69E262088B9C200FEB099 /* TouchPainter.app */,
				49E69E3E2088B9C300FEB099 /* TouchPainterTests.xctest */,
				49E69E492088B9C300FEB099 /* TouchPainterUITests.xctest */,
			);
			name = Products;
			sourceTree = "<group>";
		};
		49E69E282088B9C200FEB099 /* TouchPainter */ = {
			isa = PBXGroup;
			children = (
				49E69E5B2088B9D100FEB099 /* Classes */,
				49E69E292088B9C200FEB099 /* AppDelegate.h */,
				49E69E2A2088B9C200FEB099 /* AppDelegate.m */,
				49E69E2C2088B9C200FEB099 /* ViewController.h */,
				49E69E2D2088B9C200FEB099 /* ViewController.m */,
				49E69E2F2088B9C200FEB099 /* Main.storyboard */,
				49E69E322088B9C300FEB099 /* Assets.xcassets */,
				49E69E342088B9C300FEB099 /* LaunchScreen.storyboard */,
				49E69E372088B9C300FEB099 /* Info.plist */,
				49E69E382088B9C300FEB099 /* main.m */,
			);
			path = TouchPainter;
			sourceTree = "<group>";
		};
		49E69E412088B9C300FEB099 /* TouchPainterTests */ = {
			isa = PBXGroup;
			children = (
				49E69E422088B9C300FEB099 /* TouchPainterTests.m */,
				49E69E442088B9C300FEB099 /* Info.plist */,
			);
			path = TouchPainterTests;
			sourceTree = "<group>";
		};
		49E69E4C2088B9C300FEB099 /* TouchPainterUITests */ = {
			isa = PBXGroup;
			children = (
				49E69E4D2088B9C300FEB099 /* TouchPainterUITests.m */,
				49E69E4F2088B9C300FEB099 /* Info.plist */,
			);
			path = TouchPainterUITests;
			sourceTree = "<group>";
		};
		49E69E5B2088B9D100FEB099 /* Classes */ = {
			isa = PBXGroup;
			children = (
				49E69E662088BB6F00FEB099 /* Model */,
				49E69E652088BB6400FEB099 /* Controller */,
			);
			path = Classes;
			sourceTree = "<group>";
		};
		49E69E652088BB6400FEB099 /* Controller */ = {
			isa = PBXGroup;
			children = (
				49E69E5C2088B9FD00FEB099 /* CanvasViewController.h */,
				49E69E5D2088B9FD00FEB099 /* CanvasViewController.m */,
				49E69E5F2088BA3200FEB099 /* PaletteViewController.h */,
				49E69E602088BA3200FEB099 /* PaletteViewController.m */,
				49E69E622088BA7400FEB099 /* ThumbmailViewController.h */,
				49E69E632088BA7400FEB099 /* ThumbmailViewController.m */,
			);
			path = Controller;
			sourceTree = "<group>";
		};
		49E69E662088BB6F00FEB099 /* Model */ = {
			isa = PBXGroup;
			children = (
				49E69E672088BB8C00FEB099 /* Mark.h */,
			);
			path = Model;
			sourceTree = "<group>";
		};
/* End PBXGroup section */

/* Begin PBXNativeTarget section */
		49E69E252088B9C200FEB099 /* TouchPainter */ = {
			isa = PBXNativeTarget;
			buildConfigurationList = 49E69E522088B9C300FEB099 /* Build configuration list for PBXNativeTarget "TouchPainter" */;
			buildPhases = (
				49E69E222088B9C200FEB099 /* Sources */,
				49E69E232088B9C200FEB099 /* Frameworks */,
				49E69E242088B9C200FEB099 /* Resources */,
			);
			buildRules = (
			);
			dependencies = (
			);
			name = TouchPainter;
			productName = TouchPainter;
			productReference = 49E69E262088B9C200FEB099 /* TouchPainter.app */;
			productType = "com.apple.product-type.application";
		};
		49E69E3D2088B9C300FEB099 /* TouchPainterTests */ = {
			isa = PBXNativeTarget;
			buildConfigurationList = 49E69E552088B9C300FEB099 /* Build configuration list for PBXNativeTarget "TouchPainterTests" */;
			buildPhases = (
				49E69E3A2088B9C300FEB099 /* Sources */,
				49E69E3B2088B9C300FEB099 /* Frameworks */,
				49E69E3C2088B9C300FEB099 /* Resources */,
			);
			buildRules = (
			);
			dependencies = (
				49E69E402088B9C300FEB099 /* PBXTargetDependency */,
			);
			name = TouchPainterTests;
			productName = TouchPainterTests;
			productReference = 49E69E3E2088B9C300FEB099 /* TouchPainterTests.xctest */;
			productType = "com.apple.product-type.bundle.unit-test";
		};
		49E69E482088B9C300FEB099 /* TouchPainterUITests */ = {
			isa = PBXNativeTarget;
			buildConfigurationList = 49E69E582088B9C300FEB099 /* Build configuration list for PBXNativeTarget "TouchPainterUITests" */;
			buildPhases = (
				49E69E452088B9C300FEB099 /* Sources */,
				49E69E462088B9C300FEB099 /* Frameworks */,
				49E69E472088B9C300FEB099 /* Resources */,
			);
			buildRules = (
			);
			dependencies = (
				49E69E4B2088B9C300FEB099 /* PBXTargetDependency */,
			);
			name = TouchPainterUITests;
			productName = TouchPainterUITests;
			productReference = 49E69E492088B9C300FEB099 /* TouchPainterUITests.xctest */;
			productType = "com.apple.product-type.bundle.ui-testing";
		};
/* End PBXNativeTarget section */

/* Begin PBXProject section */
		49E69E1E2088B9C200FEB099 /* Project object */ = {
			isa = PBXProject;
			attributes = {
				LastUpgradeCheck = 0930;
				ORGANIZATIONNAME = Elink;
				TargetAttributes = {
					49E69E252088B9C200FEB099 = {
						CreatedOnToolsVersion = 9.3;
					};
					49E69E3D2088B9C300FEB099 = {
						CreatedOnToolsVersion = 9.3;
						TestTargetID = 49E69E252088B9C200FEB099;
					};
					49E69E482088B9C300FEB099 = {
						CreatedOnToolsVersion = 9.3;
						TestTargetID = 49E69E252088B9C200FEB099;
					};
				};
			};
			buildConfigurationList = 49E69E212088B9C200FEB099 /* Build configuration list for PBXProject "TouchPainter" */;
			compatibilityVersion = "Xcode 9.3";
			developmentRegion = en;
			hasScannedForEncodings = 0;
			knownRegions = (
				en,
				Base,
			);
			mainGroup = 49E69E1D2088B9C200FEB099;
			productRefGroup = 49E69E272088B9C200FEB099 /* Products */;
			projectDirPath = "";
			projectRoot = "";
			targets = (
				49E69E252088B9C200FEB099 /* TouchPainter */,
				49E69E3D2088B9C300FEB099 /* TouchPainterTests */,
				49E69E482088B9C300FEB099 /* TouchPainterUITests */,
			);
		};
/* End PBXProject section */

/* Begin PBXResourcesBuildPhase section */
		49E69E242088B9C200FEB099 /* Resources */ = {
			isa = PBXResourcesBuildPhase;
			buildActionMask = 2147483647;
			files = (
				49E69E362088B9C300FEB099 /* LaunchScreen.storyboard in Resources */,
				49E69E332088B9C300FEB099 /* Assets.xcassets in Resources */,
				49E69E312088B9C200FEB099 /* Main.storyboard in Resources */,
			);
			runOnlyForDeploymentPostprocessing = 0;
		};
		49E69E3C2088B9C300FEB099 /* Resources */ = {
			isa = PBXResourcesBuildPhase;
			buildActionMask = 2147483647;
			files = (
			);
			runOnlyForDeploymentPostprocessing = 0;
		};
		49E69E472088B9C300FEB099 /* Resources */ = {
			isa = PBXResourcesBuildPhase;
			buildActionMask = 2147483647;
			files = (
			);
			runOnlyForDeploymentPostprocessing = 0;
		};
/* End PBXResourcesBuildPhase section */

/* Begin PBXSourcesBuildPhase section */
		49E69E222088B9C200FEB099 /* Sources */ = {
			isa = PBXSourcesBuildPhase;
			buildActionMask = 2147483647;
			files = (
				49E69E642088BA7400FEB099 /* ThumbmailViewController.m in Sources */,
				49E69E5E2088B9FD00FEB099 /* CanvasViewController.m in Sources */,
				49E69E2E2088B9C200FEB099 /* ViewController.m in Sources */,
				49E69E392088B9C300FEB099 /* main.m in Sources */,
				49E69E2B2088B9C200FEB099 /* AppDelegate.m in Sources */,
				49E69E612088BA3200FEB099 /* PaletteViewController.m in Sources */,
			);
			runOnlyForDeploymentPostprocessing = 0;
		};
		49E69E3A2088B9C300FEB099 /* Sources */ = {
			isa = PBXSourcesBuildPhase;
			buildActionMask = 2147483647;
			files = (
				49E69E432088B9C300FEB099 /* TouchPainterTests.m in Sources */,
			);
			runOnlyForDeploymentPostprocessing = 0;
		};
		49E69E452088B9C300FEB099 /* Sources */ = {
			isa = PBXSourcesBuildPhase;
			buildActionMask = 2147483647;
			files = (
				49E69E4E2088B9C300FEB099 /* TouchPainterUITests.m in Sources */,
			);
			runOnlyForDeploymentPostprocessing = 0;
		};
/* End PBXSourcesBuildPhase section */

/* Begin PBXTargetDependency section */
		49E69E402088B9C300FEB099 /* PBXTargetDependency */ = {
			isa = PBXTargetDependency;
			target = 49E69E252088B9C200FEB099 /* TouchPainter */;
			targetProxy = 49E69E3F2088B9C300FEB099 /* PBXContainerItemProxy */;
		};
		49E69E4B2088B9C300FEB099 /* PBXTargetDependency */ = {
			isa = PBXTargetDependency;
			target = 49E69E252088B9C200FEB099 /* TouchPainter */;
			targetProxy = 49E69E4A2088B9C300FEB099 /* PBXContainerItemProxy */;
		};
/* End PBXTargetDependency section */

/* Begin PBXVariantGroup section */
		49E69E2F2088B9C200FEB099 /* Main.storyboard */ = {
			isa = PBXVariantGroup;
			children = (
				49E69E302088B9C200FEB099 /* Base */,
			);
			name = Main.storyboard;
			sourceTree = "<group>";
		};
		49E69E342088B9C300FEB099 /* LaunchScreen.storyboard */ = {
			isa = PBXVariantGroup;
			children = (
				49E69E352088B9C300FEB099 /* Base */,
			);
			name = LaunchScreen.storyboard;
			sourceTree = "<group>";
		};
/* End PBXVariantGroup section */

/* Begin XCBuildConfiguration section */
		49E69E502088B9C300FEB099 /* Debug */ = {
			isa = XCBuildConfiguration;
			buildSettings = {
				ALWAYS_SEARCH_USER_PATHS = NO;
				CLANG_ANALYZER_NONNULL = YES;
				CLANG_ANALYZER_NUMBER_OBJECT_CONVERSION = YES_AGGRESSIVE;
				CLANG_CXX_LANGUAGE_STANDARD = "gnu++14";
				CLANG_CXX_LIBRARY = "libc++";
				CLANG_ENABLE_MODULES = YES;
				CLANG_ENABLE_OBJC_ARC = YES;
				CLANG_ENABLE_OBJC_WEAK = YES;
				CLANG_WARN_BLOCK_CAPTURE_AUTORELEASING = YES;
				CLANG_WARN_BOOL_CONVERSION = YES;
				CLANG_WARN_COMMA = YES;
				CLANG_WARN_CONSTANT_CONVERSION = YES;
				CLANG_WARN_DEPRECATED_OBJC_IMPLEMENTATIONS = YES;
				CLANG_WARN_DIRECT_OBJC_ISA_USAGE = YES_ERROR;
				CLANG_WARN_DOCUMENTATION_COMMENTS = YES;
				CLANG_WARN_EMPTY_BODY = YES;
				CLANG_WARN_ENUM_CONVERSION = YES;
				CLANG_WARN_INFINITE_RECURSION = YES;
				CLANG_WARN_INT_CONVERSION = YES;
				CLANG_WARN_NON_LITERAL_NULL_CONVERSION = YES;
				CLANG_WARN_OBJC_IMPLICIT_RETAIN_SELF = YES;
				CLANG_WARN_OBJC_LITERAL_CONVERSION = YES;
				CLANG_WARN_OBJC_ROOT_CLASS = YES_ERROR;
				CLANG_WARN_RANGE_LOOP_ANALYSIS = YES;
				CLANG_WARN_STRICT_PROTOTYPES = YES;
				CLANG_WARN_SUSPICIOUS_MOVE = YES;
				CLANG_WARN_UNGUARDED_AVAILABILITY = YES_AGGRESSIVE;
				CLANG_WARN_UNREACHABLE_CODE = YES;
				CLANG_WARN__DUPLICATE_METHOD_MATCH = YES;
				CODE_SIGN_IDENTITY = "iPhone Developer";
				COPY_PHASE_STRIP = NO;
				DEBUG_INFORMATION_FORMAT = dwarf;
				ENABLE_STRICT_OBJC_MSGSEND = YES;
				ENABLE_TESTABILITY = YES;
				GCC_C_LANGUAGE_STANDARD = gnu11;
				GCC_DYNAMIC_NO_PIC = NO;
				GCC_NO_COMMON_BLOCKS = YES;
				GCC_OPTIMIZATION_LEVEL = 0;
				GCC_PREPROCESSOR_DEFINITIONS = (
					"DEBUG=1",
					"$(inherited)",
				);
				GCC_WARN_64_TO_32_BIT_CONVERSION = YES;
				GCC_WARN_ABOUT_RETURN_TYPE = YES_ERROR;
				GCC_WARN_UNDECLARED_SELECTOR = YES;
				GCC_WARN_UNINITIALIZED_AUTOS = YES_AGGRESSIVE;
				GCC_WARN_UNUSED_FUNCTION = YES;
				GCC_WARN_UNUSED_VARIABLE = YES;
				IPHONEOS_DEPLOYMENT_TARGET = 11.3;
				MTL_ENABLE_DEBUG_INFO = YES;
				ONLY_ACTIVE_ARCH = YES;
				SDKROOT = iphoneos;
			};
			name = Debug;
		};
		49E69E512088B9C300FEB099 /* Release */ = {
			isa = XCBuildConfiguration;
			buildSettings = {
				ALWAYS_SEARCH_USER_PATHS = NO;
				CLANG_ANALYZER_NONNULL = YES;
				CLANG_ANALYZER_NUMBER_OBJECT_CONVERSION = YES_AGGRESSIVE;
				CLANG_CXX_LANGUAGE_STANDARD = "gnu++14";
				CLANG_CXX_LIBRARY = "libc++";
				CLANG_ENABLE_MODULES = YES;
				CLANG_ENABLE_OBJC_ARC = YES;
				CLANG_ENABLE_OBJC_WEAK = YES;
				CLANG_WARN_BLOCK_CAPTURE_AUTORELEASING = YES;
				CLANG_WARN_BOOL_CONVERSION = YES;
				CLANG_WARN_COMMA = YES;
				CLANG_WARN_CONSTANT_CONVERSION = YES;
				CLANG_WARN_DEPRECATED_OBJC_IMPLEMENTATIONS = YES;
				CLANG_WARN_DIRECT_OBJC_ISA_USAGE = YES_ERROR;
				CLANG_WARN_DOCUMENTATION_COMMENTS = YES;
				CLANG_WARN_EMPTY_BODY = YES;
				CLANG_WARN_ENUM_CONVERSION = YES;
				CLANG_WARN_INFINITE_RECURSION = YES;
				CLANG_WARN_INT_CONVERSION = YES;
				CLANG_WARN_NON_LITERAL_NULL_CONVERSION = YES;
				CLANG_WARN_OBJC_IMPLICIT_RETAIN_SELF = YES;
				CLANG_WARN_OBJC_LITERAL_CONVERSION = YES;
				CLANG_WARN_OBJC_ROOT_CLASS = YES_ERROR;
				CLANG_WARN_RANGE_LOOP_ANALYSIS = YES;
				CLANG_WARN_STRICT_PROTOTYPES = YES;
				CLANG_WARN_SUSPICIOUS_MOVE = YES;
				CLANG_WARN_UNGUARDED_AVAILABILITY = YES_AGGRESSIVE;
				CLANG_WARN_UNREACHABLE_CODE = YES;
				CLANG_WARN__DUPLICATE_METHOD_MATCH = YES;
				CODE_SIGN_IDENTITY = "iPhone Developer";
				COPY_PHASE_STRIP = NO;
				DEBUG_INFORMATION_FORMAT = "dwarf-with-dsym";
				ENABLE_NS_ASSERTIONS = NO;
				ENABLE_STRICT_OBJC_MSGSEND = YES;
				GCC_C_LANGUAGE_STANDARD = gnu11;
				GCC_NO_COMMON_BLOCKS = YES;
				GCC_WARN_64_TO_32_BIT_CONVERSION = YES;
				GCC_WARN_ABOUT_RETURN_TYPE = YES_ERROR;
				GCC_WARN_UNDECLARED_SELECTOR = YES;
				GCC_WARN_UNINITIALIZED_AUTOS = YES_AGGRESSIVE;
				GCC_WARN_UNUSED_FUNCTION = YES;
				GCC_WARN_UNUSED_VARIABLE = YES;
				IPHONEOS_DEPLOYMENT_TARGET = 11.3;
				MTL_ENABLE_DEBUG_INFO = NO;
				SDKROOT = iphoneos;
				VALIDATE_PRODUCT = YES;
			};
			name = Release;
		};
		49E69E532088B9C300FEB099 /* Debug */ = {
			isa = XCBuildConfiguration;
			buildSettings = {
				ASSETCATALOG_COMPILER_APPICON_NAME = AppIcon;
				CODE_SIGN_STYLE = Automatic;
				DEVELOPMENT_TEAM = T24XQT78M7;
				INFOPLIST_FILE = TouchPainter/Info.plist;
				LD_RUNPATH_SEARCH_PATHS = (
					"$(inherited)",
					"@executable_path/Frameworks",
				);
				PRODUCT_BUNDLE_IDENTIFIER = com.elinkit.TouchPainter;
				PRODUCT_NAME = "$(TARGET_NAME)";
				TARGETED_DEVICE_FAMILY = "1,2";
			};
			name = Debug;
		};
		49E69E542088B9C300FEB099 /* Release */ = {
			isa = XCBuildConfiguration;
			buildSettings = {
				ASSETCATALOG_COMPILER_APPICON_NAME = AppIcon;
				CODE_SIGN_STYLE = Automatic;
				DEVELOPMENT_TEAM = T24XQT78M7;
				INFOPLIST_FILE = TouchPainter/Info.plist;
				LD_RUNPATH_SEARCH_PATHS = (
					"$(inherited)",
					"@executable_path/Frameworks",
				);
				PRODUCT_BUNDLE_IDENTIFIER = com.elinkit.TouchPainter;
				PRODUCT_NAME = "$(TARGET_NAME)";
				TARGETED_DEVICE_FAMILY = "1,2";
			};
			name = Release;
		};
		49E69E562088B9C300FEB099 /* Debug */ = {
			isa = XCBuildConfiguration;
			buildSettings = {
				BUNDLE_LOADER = "$(TEST_HOST)";
				CODE_SIGN_STYLE = Automatic;
				DEVELOPMENT_TEAM = T24XQT78M7;
				INFOPLIST_FILE = TouchPainterTests/Info.plist;
				LD_RUNPATH_SEARCH_PATHS = (
					"$(inherited)",
					"@executable_path/Frameworks",
					"@loader_path/Frameworks",
				);
				PRODUCT_BUNDLE_IDENTIFIER = com.elinkit.TouchPainterTests;
				PRODUCT_NAME = "$(TARGET_NAME)";
				TARGETED_DEVICE_FAMILY = "1,2";
				TEST_HOST = "$(BUILT_PRODUCTS_DIR)/TouchPainter.app/TouchPainter";
			};
			name = Debug;
		};
		49E69E572088B9C300FEB099 /* Release */ = {
			isa = XCBuildConfiguration;
			buildSettings = {
				BUNDLE_LOADER = "$(TEST_HOST)";
				CODE_SIGN_STYLE = Automatic;
				DEVELOPMENT_TEAM = T24XQT78M7;
				INFOPLIST_FILE = TouchPainterTests/Info.plist;
				LD_RUNPATH_SEARCH_PATHS = (
					"$(inherited)",
					"@executable_path/Frameworks",
					"@loader_path/Frameworks",
				);
				PRODUCT_BUNDLE_IDENTIFIER = com.elinkit.TouchPainterTests;
				PRODUCT_NAME = "$(TARGET_NAME)";
				TARGETED_DEVICE_FAMILY = "1,2";
				TEST_HOST = "$(BUILT_PRODUCTS_DIR)/TouchPainter.app/TouchPainter";
			};
			name = Release;
		};
		49E69E592088B9C300FEB099 /* Debug */ = {
			isa = XCBuildConfiguration;
			buildSettings = {
				CODE_SIGN_STYLE = Automatic;
				DEVELOPMENT_TEAM = T24XQT78M7;
				INFOPLIST_FILE = TouchPainterUITests/Info.plist;
				LD_RUNPATH_SEARCH_PATHS = (
					"$(inherited)",
					"@executable_path/Frameworks",
					"@loader_path/Frameworks",
				);
				PRODUCT_BUNDLE_IDENTIFIER = com.elinkit.TouchPainterUITests;
				PRODUCT_NAME = "$(TARGET_NAME)";
				TARGETED_DEVICE_FAMILY = "1,2";
				TEST_TARGET_NAME = TouchPainter;
			};
			name = Debug;
		};
		49E69E5A2088B9C300FEB099 /* Release */ = {
			isa = XCBuildConfiguration;
			buildSettings = {
				CODE_SIGN_STYLE = Automatic;
				DEVELOPMENT_TEAM = T24XQT78M7;
				INFOPLIST_FILE = TouchPainterUITests/Info.plist;
				LD_RUNPATH_SEARCH_PATHS = (
					"$(inherited)",
					"@executable_path/Frameworks",
					"@loader_path/Frameworks",
				);
				PRODUCT_BUNDLE_IDENTIFIER = com.elinkit.TouchPainterUITests;
				PRODUCT_NAME = "$(TARGET_NAME)";
				TARGETED_DEVICE_FAMILY = "1,2";
				TEST_TARGET_NAME = TouchPainter;
			};
			name = Release;
		};
/* End XCBuildConfiguration section */

/* Begin XCConfigurationList section */
		49E69E212088B9C200FEB099 /* Build configuration list for PBXProject "TouchPainter" */ = {
			isa = XCConfigurationList;
			buildConfigurations = (
				49E69E502088B9C300FEB099 /* Debug */,
				49E69E512088B9C300FEB099 /* Release */,
			);
			defaultConfigurationIsVisible = 0;
			defaultConfigurationName = Release;
		};
		49E69E522088B9C300FEB099 /* Build configuration list for PBXNativeTarget "TouchPainter" */ = {
			isa = XCConfigurationList;
			buildConfigurations = (
				49E69E532088B9C300FEB099 /* Debug */,
				49E69E542088B9C300FEB099 /* Release */,
			);
			defaultConfigurationIsVisible = 0;
			defaultConfigurationName = Release;
		};
		49E69E552088B9C300FEB099 /* Build configuration list for PBXNativeTarget "TouchPainterTests" */ = {
			isa = XCConfigurationList;
			buildConfigurations = (
				49E69E562088B9C300FEB099 /* Debug */,
				49E69E572088B9C300FEB099 /* Release */,
			);
			defaultConfigurationIsVisible = 0;
			defaultConfigurationName = Release;
		};
		49E69E582088B9C300FEB099 /* Build configuration list for PBXNativeTarget "TouchPainterUITests" */ = {
			isa = XCConfigurationList;
			buildConfigurations = (
				49E69E592088B9C300FEB099 /* Debug */,
				49E69E5A2088B9C300FEB099 /* Release */,
			);
			defaultConfigurationIsVisible = 0;
			defaultConfigurationName = Release;
		};
/* End XCConfigurationList section */
	};
	rootObject = 49E69E1E2088B9C200FEB099 /* Project object */;
}
